PODS:
  - HXLeetCode (0.1.0)
  - YYCategories (1.0.4):
    - YYCategories/no-arc (= 1.0.4)
  - YYCategories/no-arc (1.0.4)

DEPENDENCIES:
  - HXLeetCode (from `Lib/HXLeetCode`)
  - YYCategories

SPEC REPOS:
  https://github.com/CocoaPods/Specs.git:
    - YYCategories

EXTERNAL SOURCES:
  HXLeetCode:
    :path: Lib/HXLeetCode

SPEC CHECKSUMS:
  HXLeetCode: ecb69386ac7f40e8570fc77c53d2947f08434180
  YYCategories: 6bcd4314c6661a561410dce4a793379ebd306abd

PODFILE CHECKSUM: c329f1214575c990a0a44fde4e5a9bdd52ffa1e1

COCOAPODS: 1.9.2
