// !$*UTF8*$!
{
	archiveVersion = 1;
	classes = {
	};
	objectVersion = 50;
	objects = {

/* Begin PBXBuildFile section */
		0A1B34BF281D2EED006480E7 /* HXTabConfigureManager.m in Sources */ = {isa = PBXBuildFile; fileRef = 0A1B34BE281D2EED006480E7 /* HXTabConfigureManager.m */; };
		0A76037B281C385800D8D227 /* kid_tabconfigure.bundle in Resources */ = {isa = PBXBuildFile; fileRef = 0A76037A281C385800D8D227 /* kid_tabconfigure.bundle */; };
		416B6C670124327831542B28 /* libPods-App-HXProject.a in Frameworks */ = {isa = PBXBuildFile; fileRef = CDE3A508FE27A32CE176CF32 /* libPods-App-HXProject.a */; };
		E538E52626E3ED74004DD25A /* OffScreenViewController.m in Sources */ = {isa = PBXBuildFile; fileRef = E538E52526E3ED74004DD25A /* OffScreenViewController.m */; };
		E538E52A26E63902004DD25A /* HXRunTimeViewController.m in Sources */ = {isa = PBXBuildFile; fileRef = E538E52926E63902004DD25A /* HXRunTimeViewController.m */; };
		E538E53E26E68518004DD25A /* ClickPopViewController.m in Sources */ = {isa = PBXBuildFile; fileRef = E538E52E26E68517004DD25A /* ClickPopViewController.m */; };
		E538E53F26E68518004DD25A /* ClickPushViewController.m in Sources */ = {isa = PBXBuildFile; fileRef = E538E53026E68517004DD25A /* ClickPushViewController.m */; };
		E538E54026E68518004DD25A /* LifeCycleViewController.m in Sources */ = {isa = PBXBuildFile; fileRef = E538E53226E68518004DD25A /* LifeCycleViewController.m */; };
		E538E54126E68518004DD25A /* RegisterViewController.m in Sources */ = {isa = PBXBuildFile; fileRef = E538E53426E68518004DD25A /* RegisterViewController.m */; };
		E538E54226E68518004DD25A /* landback3.PNG in Resources */ = {isa = PBXBuildFile; fileRef = E538E53726E68518004DD25A /* landback3.PNG */; };
		E538E54326E68518004DD25A /* TesTViewController.m in Sources */ = {isa = PBXBuildFile; fileRef = E538E53826E68518004DD25A /* TesTViewController.m */; };
		E538E54426E68518004DD25A /* LandViewController.m in Sources */ = {isa = PBXBuildFile; fileRef = E538E53B26E68518004DD25A /* LandViewController.m */; };
		E538E54526E68518004DD25A /* landback2.PNG in Resources */ = {isa = PBXBuildFile; fileRef = E538E53D26E68518004DD25A /* landback2.PNG */; };
		E538E55D26EA4F93004DD25A /* HXCrashViewController.m in Sources */ = {isa = PBXBuildFile; fileRef = E538E55B26EA4F93004DD25A /* HXCrashViewController.m */; };
		E538E55E26EA4F93004DD25A /* HXCrashViewController.xib in Resources */ = {isa = PBXBuildFile; fileRef = E538E55C26EA4F93004DD25A /* HXCrashViewController.xib */; };
		E538E56126EA526D004DD25A /* HXUncaughtExceptionHandle.m in Sources */ = {isa = PBXBuildFile; fileRef = E538E56026EA526D004DD25A /* HXUncaughtExceptionHandle.m */; };
		E579D4BE26C6A7EC00640453 /* HXHomeViewController.m in Sources */ = {isa = PBXBuildFile; fileRef = E579D4BD26C6A7EC00640453 /* HXHomeViewController.m */; };
		E579D4C226C6A93A00640453 /* PBNavigationController.m in Sources */ = {isa = PBXBuildFile; fileRef = E579D4C126C6A93A00640453 /* PBNavigationController.m */; };
		E579D4CF26C6A9A300640453 /* PBNotiConst.m in Sources */ = {isa = PBXBuildFile; fileRef = E579D4C626C6A9A300640453 /* PBNotiConst.m */; };
		E579D4D026C6A9A300640453 /* PBURLConst.m in Sources */ = {isa = PBXBuildFile; fileRef = E579D4CB26C6A9A300640453 /* PBURLConst.m */; };
		E579D4D626C6FC9200640453 /* PBViewController.m in Sources */ = {isa = PBXBuildFile; fileRef = E579D4D526C6FC9200640453 /* PBViewController.m */; };
		E584E35826D6384200A55DFE /* HXUIHomeViewController.m in Sources */ = {isa = PBXBuildFile; fileRef = E584E35726D6384200A55DFE /* HXUIHomeViewController.m */; };
		E584E36026D63B3600A55DFE /* HXEventTestViewController.m in Sources */ = {isa = PBXBuildFile; fileRef = E584E35E26D63B3600A55DFE /* HXEventTestViewController.m */; };
		E584E36126D63B3600A55DFE /* HXEventTestViewController.xib in Resources */ = {isa = PBXBuildFile; fileRef = E584E35F26D63B3600A55DFE /* HXEventTestViewController.xib */; };
		E584E36426D640EB00A55DFE /* B_View.m in Sources */ = {isa = PBXBuildFile; fileRef = E584E36326D640EB00A55DFE /* B_View.m */; };
		E584E36726D640F900A55DFE /* C_View.m in Sources */ = {isa = PBXBuildFile; fileRef = E584E36626D640F900A55DFE /* C_View.m */; };
		E584E36A26D6410400A55DFE /* D_View.m in Sources */ = {isa = PBXBuildFile; fileRef = E584E36926D6410400A55DFE /* D_View.m */; };
		E584E36D26D6410E00A55DFE /* E_View.m in Sources */ = {isa = PBXBuildFile; fileRef = E584E36C26D6410E00A55DFE /* E_View.m */; };
		E584E37026D6411800A55DFE /* F_View.m in Sources */ = {isa = PBXBuildFile; fileRef = E584E36F26D6411800A55DFE /* F_View.m */; };
		E584E37326D645E000A55DFE /* A_View.m in Sources */ = {isa = PBXBuildFile; fileRef = E584E37226D645E000A55DFE /* A_View.m */; };
		E5880D9F26C807D00067376C /* KVOViewController.m in Sources */ = {isa = PBXBuildFile; fileRef = E5880D9D26C807D00067376C /* KVOViewController.m */; };
		E5880DA026C807D00067376C /* KVOViewController.xib in Resources */ = {isa = PBXBuildFile; fileRef = E5880D9E26C807D00067376C /* KVOViewController.xib */; };
		E5880DA326C808270067376C /* KVOPerson.m in Sources */ = {isa = PBXBuildFile; fileRef = E5880DA226C808270067376C /* KVOPerson.m */; };
		E5880DA826C976A20067376C /* KVOCrashObject.m in Sources */ = {isa = PBXBuildFile; fileRef = E5880DA526C976A20067376C /* KVOCrashObject.m */; };
		E5880DA926C976A20067376C /* TestKVOCrashVC.m in Sources */ = {isa = PBXBuildFile; fileRef = E5880DA426C976A20067376C /* TestKVOCrashVC.m */; };
		E5ADAA3026C3FC0E00D3BD6E /* ViewController.m in Sources */ = {isa = PBXBuildFile; fileRef = E5ADAA2F26C3FC0E00D3BD6E /* ViewController.m */; };
		E5ADAA3326C3FC0E00D3BD6E /* Main.storyboard in Resources */ = {isa = PBXBuildFile; fileRef = E5ADAA3126C3FC0E00D3BD6E /* Main.storyboard */; };
		E5ADAA3526C3FC1000D3BD6E /* Assets.xcassets in Resources */ = {isa = PBXBuildFile; fileRef = E5ADAA3426C3FC1000D3BD6E /* Assets.xcassets */; };
		E5ADAA3826C3FC1000D3BD6E /* LaunchScreen.storyboard in Resources */ = {isa = PBXBuildFile; fileRef = E5ADAA3626C3FC1000D3BD6E /* LaunchScreen.storyboard */; };
		E5ADAA3B26C3FC1000D3BD6E /* main.m in Sources */ = {isa = PBXBuildFile; fileRef = E5ADAA3A26C3FC1000D3BD6E /* main.m */; };
		E5ADAA4E26C4307D00D3BD6E /* SceneDelegate+UIService.m in Sources */ = {isa = PBXBuildFile; fileRef = E5ADAA4626C4307C00D3BD6E /* SceneDelegate+UIService.m */; };
		E5ADAA4F26C4307D00D3BD6E /* SceneDelegate.m in Sources */ = {isa = PBXBuildFile; fileRef = E5ADAA4726C4307C00D3BD6E /* SceneDelegate.m */; };
		E5ADAA5026C4307D00D3BD6E /* AppDelegate+AppService.m in Sources */ = {isa = PBXBuildFile; fileRef = E5ADAA4826C4307C00D3BD6E /* AppDelegate+AppService.m */; };
		E5ADAA5126C4307D00D3BD6E /* AppDelegate.m in Sources */ = {isa = PBXBuildFile; fileRef = E5ADAA4A26C4307D00D3BD6E /* AppDelegate.m */; };
		E5ADAA5626C430CE00D3BD6E /* HXTabBarController.m in Sources */ = {isa = PBXBuildFile; fileRef = E5ADAA5426C430CD00D3BD6E /* HXTabBarController.m */; };
		E5ADAAC726C4521500D3BD6E /* NSArray+Safety.m in Sources */ = {isa = PBXBuildFile; fileRef = E5ADAAC226C4521500D3BD6E /* NSArray+Safety.m */; };
		E5ADAAC826C4521500D3BD6E /* NSString+Safety.m in Sources */ = {isa = PBXBuildFile; fileRef = E5ADAAC326C4521500D3BD6E /* NSString+Safety.m */; };
		E5ADAAC926C4521500D3BD6E /* NSDictionary+Safety.m in Sources */ = {isa = PBXBuildFile; fileRef = E5ADAAC526C4521500D3BD6E /* NSDictionary+Safety.m */; };
		E5ADAACA26C4521500D3BD6E /* NSAttributedString+Safety.m in Sources */ = {isa = PBXBuildFile; fileRef = E5ADAAC626C4521500D3BD6E /* NSAttributedString+Safety.m */; };
		E5ADAFE926C500C900D3BD6E /* HXNotificationViewController.m in Sources */ = {isa = PBXBuildFile; fileRef = E5ADAFE826C500C900D3BD6E /* HXNotificationViewController.m */; };
		E5ADAFED26C5052800D3BD6E /* HXNotificationCenter.m in Sources */ = {isa = PBXBuildFile; fileRef = E5ADAFEC26C5052800D3BD6E /* HXNotificationCenter.m */; };
		E5ADAFF026C505BB00D3BD6E /* HXObserverInfo.m in Sources */ = {isa = PBXBuildFile; fileRef = E5ADAFEF26C505BB00D3BD6E /* HXObserverInfo.m */; };
		E5ADAFF326C516D800D3BD6E /* CustomNotificationCenterViewController.m in Sources */ = {isa = PBXBuildFile; fileRef = E5ADAFF126C516D800D3BD6E /* CustomNotificationCenterViewController.m */; };
		E5ADAFF826C54DA200D3BD6E /* KVCViewController.m in Sources */ = {isa = PBXBuildFile; fileRef = E5ADAFF726C54DA100D3BD6E /* KVCViewController.m */; };
		E5ADAFFB26C54DC000D3BD6E /* KVCPerson.m in Sources */ = {isa = PBXBuildFile; fileRef = E5ADAFFA26C54DC000D3BD6E /* KVCPerson.m */; };
		E5ADAFFE26C54DF000D3BD6E /* KVCAddress.m in Sources */ = {isa = PBXBuildFile; fileRef = E5ADAFFD26C54DF000D3BD6E /* KVCAddress.m */; };
		E5ADB00C26C5A8F200D3BD6E /* NSObject+KVCDefender.m in Sources */ = {isa = PBXBuildFile; fileRef = E5ADB00826C5A8F200D3BD6E /* NSObject+KVCDefender.m */; };
		E5ADB00D26C5A8F200D3BD6E /* NSObject+SelectorDefender.m in Sources */ = {isa = PBXBuildFile; fileRef = E5ADB00926C5A8F200D3BD6E /* NSObject+SelectorDefender.m */; };
		E5ADB00E26C5A8F200D3BD6E /* NSObject+MethodSwizzling.m in Sources */ = {isa = PBXBuildFile; fileRef = E5ADB00A26C5A8F200D3BD6E /* NSObject+MethodSwizzling.m */; };
		E5ADB00F26C5A8F200D3BD6E /* NSObject+KVODefender.m in Sources */ = {isa = PBXBuildFile; fileRef = E5ADB00B26C5A8F200D3BD6E /* NSObject+KVODefender.m */; };
		E5ADB01626C5AB0B00D3BD6E /* BaseCrashViewController.m in Sources */ = {isa = PBXBuildFile; fileRef = E5ADB01526C5AB0B00D3BD6E /* BaseCrashViewController.m */; };
		E5ADB02726C5AF7D00D3BD6E /* KVCCrashObject.m in Sources */ = {isa = PBXBuildFile; fileRef = E5ADB02626C5AF7D00D3BD6E /* KVCCrashObject.m */; };
		E5ADB02826C5AF7D00D3BD6E /* TestKVCCrashVC.m in Sources */ = {isa = PBXBuildFile; fileRef = E5ADB02426C5AF7C00D3BD6E /* TestKVCCrashVC.m */; };
		E5BE205126CD1227004A5CAC /* AutoReleaseViewController.m in Sources */ = {isa = PBXBuildFile; fileRef = E5BE204F26CD1227004A5CAC /* AutoReleaseViewController.m */; settings = {COMPILER_FLAGS = "-fno-objc-arc"; }; };
		E5BE205226CD1227004A5CAC /* AutoReleaseViewController.xib in Resources */ = {isa = PBXBuildFile; fileRef = E5BE205026CD1227004A5CAC /* AutoReleaseViewController.xib */; };
		E5BE205526CD1278004A5CAC /* AutoReleaseObject.m in Sources */ = {isa = PBXBuildFile; fileRef = E5BE205426CD1278004A5CAC /* AutoReleaseObject.m */; };
/* End PBXBuildFile section */

/* Begin PBXFileReference section */
		0A1B34BD281D2EED006480E7 /* HXTabConfigureManager.h */ = {isa = PBXFileReference; lastKnownFileType = sourcecode.c.h; path = HXTabConfigureManager.h; sourceTree = "<group>"; };
		0A1B34BE281D2EED006480E7 /* HXTabConfigureManager.m */ = {isa = PBXFileReference; lastKnownFileType = sourcecode.c.objc; path = HXTabConfigureManager.m; sourceTree = "<group>"; };
		0A76037A281C385800D8D227 /* kid_tabconfigure.bundle */ = {isa = PBXFileReference; lastKnownFileType = "wrapper.plug-in"; path = kid_tabconfigure.bundle; sourceTree = "<group>"; };
		1F8F8A35893B54DFF3F1F116 /* Pods-App-HXProject.debug.xcconfig */ = {isa = PBXFileReference; includeInIndex = 1; lastKnownFileType = text.xcconfig; name = "Pods-App-HXProject.debug.xcconfig"; path = "Target Support Files/Pods-App-HXProject/Pods-App-HXProject.debug.xcconfig"; sourceTree = "<group>"; };
		56C42A1BCF885A4633D6E89D /* Pods-HXProject.debug.xcconfig */ = {isa = PBXFileReference; includeInIndex = 1; lastKnownFileType = text.xcconfig; name = "Pods-HXProject.debug.xcconfig"; path = "Target Support Files/Pods-HXProject/Pods-HXProject.debug.xcconfig"; sourceTree = "<group>"; };
		AA05304A2881597236855BD5 /* Pods-HXProject.release.xcconfig */ = {isa = PBXFileReference; includeInIndex = 1; lastKnownFileType = text.xcconfig; name = "Pods-HXProject.release.xcconfig"; path = "Target Support Files/Pods-HXProject/Pods-HXProject.release.xcconfig"; sourceTree = "<group>"; };
		CDE3A508FE27A32CE176CF32 /* libPods-App-HXProject.a */ = {isa = PBXFileReference; explicitFileType = archive.ar; includeInIndex = 0; path = "libPods-App-HXProject.a"; sourceTree = BUILT_PRODUCTS_DIR; };
		DD77296AB46F5EC680C51C2F /* Pods-App-HXProject.release.xcconfig */ = {isa = PBXFileReference; includeInIndex = 1; lastKnownFileType = text.xcconfig; name = "Pods-App-HXProject.release.xcconfig"; path = "Target Support Files/Pods-App-HXProject/Pods-App-HXProject.release.xcconfig"; sourceTree = "<group>"; };
		E538E52426E3ED74004DD25A /* OffScreenViewController.h */ = {isa = PBXFileReference; lastKnownFileType = sourcecode.c.h; path = OffScreenViewController.h; sourceTree = "<group>"; };
		E538E52526E3ED74004DD25A /* OffScreenViewController.m */ = {isa = PBXFileReference; lastKnownFileType = sourcecode.c.objc; path = OffScreenViewController.m; sourceTree = "<group>"; };
		E538E52826E63902004DD25A /* HXRunTimeViewController.h */ = {isa = PBXFileReference; lastKnownFileType = sourcecode.c.h; path = HXRunTimeViewController.h; sourceTree = "<group>"; };
		E538E52926E63902004DD25A /* HXRunTimeViewController.m */ = {isa = PBXFileReference; lastKnownFileType = sourcecode.c.objc; path = HXRunTimeViewController.m; sourceTree = "<group>"; };
		E538E52B26E68517004DD25A /* TesTViewController.h */ = {isa = PBXFileReference; fileEncoding = 4; lastKnownFileType = sourcecode.c.h; path = TesTViewController.h; sourceTree = "<group>"; };
		E538E52D26E68517004DD25A /* ClickPushViewController.h */ = {isa = PBXFileReference; fileEncoding = 4; lastKnownFileType = sourcecode.c.h; path = ClickPushViewController.h; sourceTree = "<group>"; };
		E538E52E26E68517004DD25A /* ClickPopViewController.m */ = {isa = PBXFileReference; fileEncoding = 4; lastKnownFileType = sourcecode.c.objc; path = ClickPopViewController.m; sourceTree = "<group>"; };
		E538E52F26E68517004DD25A /* ClickPopViewController.h */ = {isa = PBXFileReference; fileEncoding = 4; lastKnownFileType = sourcecode.c.h; path = ClickPopViewController.h; sourceTree = "<group>"; };
		E538E53026E68517004DD25A /* ClickPushViewController.m */ = {isa = PBXFileReference; fileEncoding = 4; lastKnownFileType = sourcecode.c.objc; path = ClickPushViewController.m; sourceTree = "<group>"; };
		E538E53126E68518004DD25A /* LifeCycleViewController.h */ = {isa = PBXFileReference; fileEncoding = 4; lastKnownFileType = sourcecode.c.h; path = LifeCycleViewController.h; sourceTree = "<group>"; };
		E538E53226E68518004DD25A /* LifeCycleViewController.m */ = {isa = PBXFileReference; fileEncoding = 4; lastKnownFileType = sourcecode.c.objc; path = LifeCycleViewController.m; sourceTree = "<group>"; };
		E538E53426E68518004DD25A /* RegisterViewController.m */ = {isa = PBXFileReference; fileEncoding = 4; lastKnownFileType = sourcecode.c.objc; path = RegisterViewController.m; sourceTree = "<group>"; };
		E538E53526E68518004DD25A /* RegisterViewController.h */ = {isa = PBXFileReference; fileEncoding = 4; lastKnownFileType = sourcecode.c.h; path = RegisterViewController.h; sourceTree = "<group>"; };
		E538E53726E68518004DD25A /* landback3.PNG */ = {isa = PBXFileReference; lastKnownFileType = image.png; path = landback3.PNG; sourceTree = "<group>"; };
		E538E53826E68518004DD25A /* TesTViewController.m */ = {isa = PBXFileReference; fileEncoding = 4; lastKnownFileType = sourcecode.c.objc; path = TesTViewController.m; sourceTree = "<group>"; };
		E538E53A26E68518004DD25A /* LandViewController.h */ = {isa = PBXFileReference; fileEncoding = 4; lastKnownFileType = sourcecode.c.h; path = LandViewController.h; sourceTree = "<group>"; };
		E538E53B26E68518004DD25A /* LandViewController.m */ = {isa = PBXFileReference; fileEncoding = 4; lastKnownFileType = sourcecode.c.objc; path = LandViewController.m; sourceTree = "<group>"; };
		E538E53D26E68518004DD25A /* landback2.PNG */ = {isa = PBXFileReference; lastKnownFileType = image.png; path = landback2.PNG; sourceTree = "<group>"; };
		E538E55A26EA4F93004DD25A /* HXCrashViewController.h */ = {isa = PBXFileReference; lastKnownFileType = sourcecode.c.h; path = HXCrashViewController.h; sourceTree = "<group>"; };
		E538E55B26EA4F93004DD25A /* HXCrashViewController.m */ = {isa = PBXFileReference; lastKnownFileType = sourcecode.c.objc; path = HXCrashViewController.m; sourceTree = "<group>"; };
		E538E55C26EA4F93004DD25A /* HXCrashViewController.xib */ = {isa = PBXFileReference; lastKnownFileType = file.xib; path = HXCrashViewController.xib; sourceTree = "<group>"; };
		E538E55F26EA526D004DD25A /* HXUncaughtExceptionHandle.h */ = {isa = PBXFileReference; lastKnownFileType = sourcecode.c.h; path = HXUncaughtExceptionHandle.h; sourceTree = "<group>"; };
		E538E56026EA526D004DD25A /* HXUncaughtExceptionHandle.m */ = {isa = PBXFileReference; lastKnownFileType = sourcecode.c.objc; path = HXUncaughtExceptionHandle.m; sourceTree = "<group>"; };
		E579D4BC26C6A7EC00640453 /* HXHomeViewController.h */ = {isa = PBXFileReference; lastKnownFileType = sourcecode.c.h; path = HXHomeViewController.h; sourceTree = "<group>"; };
		E579D4BD26C6A7EC00640453 /* HXHomeViewController.m */ = {isa = PBXFileReference; lastKnownFileType = sourcecode.c.objc; path = HXHomeViewController.m; sourceTree = "<group>"; };
		E579D4C026C6A93A00640453 /* PBNavigationController.h */ = {isa = PBXFileReference; fileEncoding = 4; lastKnownFileType = sourcecode.c.h; path = PBNavigationController.h; sourceTree = "<group>"; };
		E579D4C126C6A93A00640453 /* PBNavigationController.m */ = {isa = PBXFileReference; fileEncoding = 4; lastKnownFileType = sourcecode.c.objc; path = PBNavigationController.m; sourceTree = "<group>"; };
		E579D4C426C6A9A300640453 /* PBFrameMacros.h */ = {isa = PBXFileReference; fileEncoding = 4; lastKnownFileType = sourcecode.c.h; path = PBFrameMacros.h; sourceTree = "<group>"; };
		E579D4C526C6A9A300640453 /* PBColorMacros.h */ = {isa = PBXFileReference; fileEncoding = 4; lastKnownFileType = sourcecode.c.h; path = PBColorMacros.h; sourceTree = "<group>"; };
		E579D4C626C6A9A300640453 /* PBNotiConst.m */ = {isa = PBXFileReference; fileEncoding = 4; lastKnownFileType = sourcecode.c.objc; path = PBNotiConst.m; sourceTree = "<group>"; };
		E579D4C726C6A9A300640453 /* PBURLConst.h */ = {isa = PBXFileReference; fileEncoding = 4; lastKnownFileType = sourcecode.c.h; path = PBURLConst.h; sourceTree = "<group>"; };
		E579D4C826C6A9A300640453 /* PBUtilsMacros.h */ = {isa = PBXFileReference; fileEncoding = 4; lastKnownFileType = sourcecode.c.h; path = PBUtilsMacros.h; sourceTree = "<group>"; };
		E579D4C926C6A9A300640453 /* PBFontMacros.h */ = {isa = PBXFileReference; fileEncoding = 4; lastKnownFileType = sourcecode.c.h; path = PBFontMacros.h; sourceTree = "<group>"; };
		E579D4CA26C6A9A300640453 /* PBNotiConst.h */ = {isa = PBXFileReference; fileEncoding = 4; lastKnownFileType = sourcecode.c.h; path = PBNotiConst.h; sourceTree = "<group>"; };
		E579D4CB26C6A9A300640453 /* PBURLConst.m */ = {isa = PBXFileReference; fileEncoding = 4; lastKnownFileType = sourcecode.c.objc; path = PBURLConst.m; sourceTree = "<group>"; };
		E579D4CC26C6A9A300640453 /* LRMacroDefinitionHeader.h */ = {isa = PBXFileReference; fileEncoding = 4; lastKnownFileType = sourcecode.c.h; path = LRMacroDefinitionHeader.h; sourceTree = "<group>"; };
		E579D4CD26C6A9A300640453 /* PBThirdMacros.h */ = {isa = PBXFileReference; fileEncoding = 4; lastKnownFileType = sourcecode.c.h; path = PBThirdMacros.h; sourceTree = "<group>"; };
		E579D4CE26C6A9A300640453 /* PBEventList.h */ = {isa = PBXFileReference; fileEncoding = 4; lastKnownFileType = sourcecode.c.h; path = PBEventList.h; sourceTree = "<group>"; };
		E579D4D226C6AAE200640453 /* PrefixHeader.pch */ = {isa = PBXFileReference; lastKnownFileType = sourcecode.c.h; path = PrefixHeader.pch; sourceTree = "<group>"; };
		E579D4D426C6FC9200640453 /* PBViewController.h */ = {isa = PBXFileReference; fileEncoding = 4; lastKnownFileType = sourcecode.c.h; path = PBViewController.h; sourceTree = "<group>"; };
		E579D4D526C6FC9200640453 /* PBViewController.m */ = {isa = PBXFileReference; fileEncoding = 4; lastKnownFileType = sourcecode.c.objc; path = PBViewController.m; sourceTree = "<group>"; };
		E584E35626D6384200A55DFE /* HXUIHomeViewController.h */ = {isa = PBXFileReference; lastKnownFileType = sourcecode.c.h; path = HXUIHomeViewController.h; sourceTree = "<group>"; };
		E584E35726D6384200A55DFE /* HXUIHomeViewController.m */ = {isa = PBXFileReference; lastKnownFileType = sourcecode.c.objc; path = HXUIHomeViewController.m; sourceTree = "<group>"; };
		E584E35D26D63B3600A55DFE /* HXEventTestViewController.h */ = {isa = PBXFileReference; lastKnownFileType = sourcecode.c.h; path = HXEventTestViewController.h; sourceTree = "<group>"; };
		E584E35E26D63B3600A55DFE /* HXEventTestViewController.m */ = {isa = PBXFileReference; lastKnownFileType = sourcecode.c.objc; path = HXEventTestViewController.m; sourceTree = "<group>"; };
		E584E35F26D63B3600A55DFE /* HXEventTestViewController.xib */ = {isa = PBXFileReference; lastKnownFileType = file.xib; path = HXEventTestViewController.xib; sourceTree = "<group>"; };
		E584E36226D640EB00A55DFE /* B_View.h */ = {isa = PBXFileReference; lastKnownFileType = sourcecode.c.h; path = B_View.h; sourceTree = "<group>"; };
		E584E36326D640EB00A55DFE /* B_View.m */ = {isa = PBXFileReference; lastKnownFileType = sourcecode.c.objc; path = B_View.m; sourceTree = "<group>"; };
		E584E36526D640F900A55DFE /* C_View.h */ = {isa = PBXFileReference; lastKnownFileType = sourcecode.c.h; path = C_View.h; sourceTree = "<group>"; };
		E584E36626D640F900A55DFE /* C_View.m */ = {isa = PBXFileReference; lastKnownFileType = sourcecode.c.objc; path = C_View.m; sourceTree = "<group>"; };
		E584E36826D6410400A55DFE /* D_View.h */ = {isa = PBXFileReference; lastKnownFileType = sourcecode.c.h; path = D_View.h; sourceTree = "<group>"; };
		E584E36926D6410400A55DFE /* D_View.m */ = {isa = PBXFileReference; lastKnownFileType = sourcecode.c.objc; path = D_View.m; sourceTree = "<group>"; };
		E584E36B26D6410E00A55DFE /* E_View.h */ = {isa = PBXFileReference; lastKnownFileType = sourcecode.c.h; path = E_View.h; sourceTree = "<group>"; };
		E584E36C26D6410E00A55DFE /* E_View.m */ = {isa = PBXFileReference; lastKnownFileType = sourcecode.c.objc; path = E_View.m; sourceTree = "<group>"; };
		E584E36E26D6411800A55DFE /* F_View.h */ = {isa = PBXFileReference; lastKnownFileType = sourcecode.c.h; path = F_View.h; sourceTree = "<group>"; };
		E584E36F26D6411800A55DFE /* F_View.m */ = {isa = PBXFileReference; lastKnownFileType = sourcecode.c.objc; path = F_View.m; sourceTree = "<group>"; };
		E584E37126D645E000A55DFE /* A_View.h */ = {isa = PBXFileReference; lastKnownFileType = sourcecode.c.h; path = A_View.h; sourceTree = "<group>"; };
		E584E37226D645E000A55DFE /* A_View.m */ = {isa = PBXFileReference; lastKnownFileType = sourcecode.c.objc; path = A_View.m; sourceTree = "<group>"; };
		E5880D9C26C807D00067376C /* KVOViewController.h */ = {isa = PBXFileReference; lastKnownFileType = sourcecode.c.h; path = KVOViewController.h; sourceTree = "<group>"; };
		E5880D9D26C807D00067376C /* KVOViewController.m */ = {isa = PBXFileReference; lastKnownFileType = sourcecode.c.objc; path = KVOViewController.m; sourceTree = "<group>"; };
		E5880D9E26C807D00067376C /* KVOViewController.xib */ = {isa = PBXFileReference; lastKnownFileType = file.xib; path = KVOViewController.xib; sourceTree = "<group>"; };
		E5880DA126C808270067376C /* KVOPerson.h */ = {isa = PBXFileReference; lastKnownFileType = sourcecode.c.h; path = KVOPerson.h; sourceTree = "<group>"; };
		E5880DA226C808270067376C /* KVOPerson.m */ = {isa = PBXFileReference; lastKnownFileType = sourcecode.c.objc; path = KVOPerson.m; sourceTree = "<group>"; };
		E5880DA426C976A20067376C /* TestKVOCrashVC.m */ = {isa = PBXFileReference; lastKnownFileType = sourcecode.c.objc; path = TestKVOCrashVC.m; sourceTree = "<group>"; };
		E5880DA526C976A20067376C /* KVOCrashObject.m */ = {isa = PBXFileReference; lastKnownFileType = sourcecode.c.objc; path = KVOCrashObject.m; sourceTree = "<group>"; };
		E5880DA626C976A20067376C /* KVOCrashObject.h */ = {isa = PBXFileReference; lastKnownFileType = sourcecode.c.h; path = KVOCrashObject.h; sourceTree = "<group>"; };
		E5880DA726C976A20067376C /* TestKVOCrashVC.h */ = {isa = PBXFileReference; lastKnownFileType = sourcecode.c.h; path = TestKVOCrashVC.h; sourceTree = "<group>"; };
		E5ADAA2526C3FC0E00D3BD6E /* HXProject.app */ = {isa = PBXFileReference; explicitFileType = wrapper.application; includeInIndex = 0; path = HXProject.app; sourceTree = BUILT_PRODUCTS_DIR; };
		E5ADAA2E26C3FC0E00D3BD6E /* ViewController.h */ = {isa = PBXFileReference; lastKnownFileType = sourcecode.c.h; path = ViewController.h; sourceTree = "<group>"; };
		E5ADAA2F26C3FC0E00D3BD6E /* ViewController.m */ = {isa = PBXFileReference; lastKnownFileType = sourcecode.c.objc; path = ViewController.m; sourceTree = "<group>"; };
		E5ADAA3226C3FC0E00D3BD6E /* Base */ = {isa = PBXFileReference; lastKnownFileType = file.storyboard; name = Base; path = Base.lproj/Main.storyboard; sourceTree = "<group>"; };
		E5ADAA3426C3FC1000D3BD6E /* Assets.xcassets */ = {isa = PBXFileReference; lastKnownFileType = folder.assetcatalog; path = Assets.xcassets; sourceTree = "<group>"; };
		E5ADAA3726C3FC1000D3BD6E /* Base */ = {isa = PBXFileReference; lastKnownFileType = file.storyboard; name = Base; path = Base.lproj/LaunchScreen.storyboard; sourceTree = "<group>"; };
		E5ADAA3926C3FC1000D3BD6E /* Info.plist */ = {isa = PBXFileReference; lastKnownFileType = text.plist.xml; path = Info.plist; sourceTree = "<group>"; };
		E5ADAA3A26C3FC1000D3BD6E /* main.m */ = {isa = PBXFileReference; lastKnownFileType = sourcecode.c.objc; path = main.m; sourceTree = "<group>"; };
		E5ADAA4626C4307C00D3BD6E /* SceneDelegate+UIService.m */ = {isa = PBXFileReference; fileEncoding = 4; lastKnownFileType = sourcecode.c.objc; path = "SceneDelegate+UIService.m"; sourceTree = "<group>"; };
		E5ADAA4726C4307C00D3BD6E /* SceneDelegate.m */ = {isa = PBXFileReference; fileEncoding = 4; lastKnownFileType = sourcecode.c.objc; path = SceneDelegate.m; sourceTree = "<group>"; };
		E5ADAA4826C4307C00D3BD6E /* AppDelegate+AppService.m */ = {isa = PBXFileReference; fileEncoding = 4; lastKnownFileType = sourcecode.c.objc; path = "AppDelegate+AppService.m"; sourceTree = "<group>"; };
		E5ADAA4926C4307D00D3BD6E /* SceneDelegate.h */ = {isa = PBXFileReference; fileEncoding = 4; lastKnownFileType = sourcecode.c.h; path = SceneDelegate.h; sourceTree = "<group>"; };
		E5ADAA4A26C4307D00D3BD6E /* AppDelegate.m */ = {isa = PBXFileReference; fileEncoding = 4; lastKnownFileType = sourcecode.c.objc; path = AppDelegate.m; sourceTree = "<group>"; };
		E5ADAA4B26C4307D00D3BD6E /* AppDelegate+AppService.h */ = {isa = PBXFileReference; fileEncoding = 4; lastKnownFileType = sourcecode.c.h; path = "AppDelegate+AppService.h"; sourceTree = "<group>"; };
		E5ADAA4C26C4307D00D3BD6E /* AppDelegate.h */ = {isa = PBXFileReference; fileEncoding = 4; lastKnownFileType = sourcecode.c.h; path = AppDelegate.h; sourceTree = "<group>"; };
		E5ADAA4D26C4307D00D3BD6E /* SceneDelegate+UIService.h */ = {isa = PBXFileReference; fileEncoding = 4; lastKnownFileType = sourcecode.c.h; path = "SceneDelegate+UIService.h"; sourceTree = "<group>"; };
		E5ADAA5426C430CD00D3BD6E /* HXTabBarController.m */ = {isa = PBXFileReference; fileEncoding = 4; lastKnownFileType = sourcecode.c.objc; path = HXTabBarController.m; sourceTree = "<group>"; };
		E5ADAA5526C430CD00D3BD6E /* HXTabBarController.h */ = {isa = PBXFileReference; fileEncoding = 4; lastKnownFileType = sourcecode.c.h; path = HXTabBarController.h; sourceTree = "<group>"; };
		E5ADAA6E26C44C9F00D3BD6E /* AFSecurityPolicy.h */ = {isa = PBXFileReference; lastKnownFileType = sourcecode.c.h; path = AFSecurityPolicy.h; sourceTree = "<group>"; };
		E5ADAA6F26C44C9F00D3BD6E /* AFSecurityPolicy.m */ = {isa = PBXFileReference; lastKnownFileType = sourcecode.c.objc; path = AFSecurityPolicy.m; sourceTree = "<group>"; };
		E5ADAA7126C44C9F00D3BD6E /* WKWebView+AFNetworking.h */ = {isa = PBXFileReference; lastKnownFileType = sourcecode.c.h; path = "WKWebView+AFNetworking.h"; sourceTree = "<group>"; };
		E5ADAA7226C44C9F00D3BD6E /* UIProgressView+AFNetworking.m */ = {isa = PBXFileReference; lastKnownFileType = sourcecode.c.objc; path = "UIProgressView+AFNetworking.m"; sourceTree = "<group>"; };
		E5ADAA7326C44C9F00D3BD6E /* UIButton+AFNetworking.h */ = {isa = PBXFileReference; lastKnownFileType = sourcecode.c.h; path = "UIButton+AFNetworking.h"; sourceTree = "<group>"; };
		E5ADAA7426C44C9F00D3BD6E /* UIRefreshControl+AFNetworking.m */ = {isa = PBXFileReference; lastKnownFileType = sourcecode.c.objc; path = "UIRefreshControl+AFNetworking.m"; sourceTree = "<group>"; };
		E5ADAA7526C44C9F00D3BD6E /* UIImageView+AFNetworking.h */ = {isa = PBXFileReference; lastKnownFileType = sourcecode.c.h; path = "UIImageView+AFNetworking.h"; sourceTree = "<group>"; };
		E5ADAA7626C44C9F00D3BD6E /* AFImageDownloader.h */ = {isa = PBXFileReference; lastKnownFileType = sourcecode.c.h; path = AFImageDownloader.h; sourceTree = "<group>"; };
		E5ADAA7726C44C9F00D3BD6E /* AFNetworkActivityIndicatorManager.m */ = {isa = PBXFileReference; lastKnownFileType = sourcecode.c.objc; path = AFNetworkActivityIndicatorManager.m; sourceTree = "<group>"; };
		E5ADAA7826C44C9F00D3BD6E /* AFAutoPurgingImageCache.h */ = {isa = PBXFileReference; lastKnownFileType = sourcecode.c.h; path = AFAutoPurgingImageCache.h; sourceTree = "<group>"; };
		E5ADAA7926C44C9F00D3BD6E /* UIActivityIndicatorView+AFNetworking.h */ = {isa = PBXFileReference; lastKnownFileType = sourcecode.c.h; path = "UIActivityIndicatorView+AFNetworking.h"; sourceTree = "<group>"; };
		E5ADAA7A26C44C9F00D3BD6E /* WKWebView+AFNetworking.m */ = {isa = PBXFileReference; lastKnownFileType = sourcecode.c.objc; path = "WKWebView+AFNetworking.m"; sourceTree = "<group>"; };
		E5ADAA7B26C44C9F00D3BD6E /* UIProgressView+AFNetworking.h */ = {isa = PBXFileReference; lastKnownFileType = sourcecode.c.h; path = "UIProgressView+AFNetworking.h"; sourceTree = "<group>"; };
		E5ADAA7C26C44C9F00D3BD6E /* UIImageView+AFNetworking.m */ = {isa = PBXFileReference; lastKnownFileType = sourcecode.c.objc; path = "UIImageView+AFNetworking.m"; sourceTree = "<group>"; };
		E5ADAA7D26C44C9F00D3BD6E /* UIKit+AFNetworking.h */ = {isa = PBXFileReference; lastKnownFileType = sourcecode.c.h; path = "UIKit+AFNetworking.h"; sourceTree = "<group>"; };
		E5ADAA7E26C44C9F00D3BD6E /* UIRefreshControl+AFNetworking.h */ = {isa = PBXFileReference; lastKnownFileType = sourcecode.c.h; path = "UIRefreshControl+AFNetworking.h"; sourceTree = "<group>"; };
		E5ADAA7F26C44C9F00D3BD6E /* UIButton+AFNetworking.m */ = {isa = PBXFileReference; lastKnownFileType = sourcecode.c.objc; path = "UIButton+AFNetworking.m"; sourceTree = "<group>"; };
		E5ADAA8026C44C9F00D3BD6E /* UIActivityIndicatorView+AFNetworking.m */ = {isa = PBXFileReference; lastKnownFileType = sourcecode.c.objc; path = "UIActivityIndicatorView+AFNetworking.m"; sourceTree = "<group>"; };
		E5ADAA8126C44C9F00D3BD6E /* AFAutoPurgingImageCache.m */ = {isa = PBXFileReference; lastKnownFileType = sourcecode.c.objc; path = AFAutoPurgingImageCache.m; sourceTree = "<group>"; };
		E5ADAA8226C44C9F00D3BD6E /* AFNetworkActivityIndicatorManager.h */ = {isa = PBXFileReference; lastKnownFileType = sourcecode.c.h; path = AFNetworkActivityIndicatorManager.h; sourceTree = "<group>"; };
		E5ADAA8326C44C9F00D3BD6E /* AFImageDownloader.m */ = {isa = PBXFileReference; lastKnownFileType = sourcecode.c.objc; path = AFImageDownloader.m; sourceTree = "<group>"; };
		E5ADAA8526C44C9F00D3BD6E /* AFURLRequestSerialization.h */ = {isa = PBXFileReference; lastKnownFileType = sourcecode.c.h; path = AFURLRequestSerialization.h; sourceTree = "<group>"; };
		E5ADAA8626C44C9F00D3BD6E /* AFURLResponseSerialization.m */ = {isa = PBXFileReference; lastKnownFileType = sourcecode.c.objc; path = AFURLResponseSerialization.m; sourceTree = "<group>"; };
		E5ADAA8726C44C9F00D3BD6E /* AFURLResponseSerialization.h */ = {isa = PBXFileReference; lastKnownFileType = sourcecode.c.h; path = AFURLResponseSerialization.h; sourceTree = "<group>"; };
		E5ADAA8826C44C9F00D3BD6E /* AFURLRequestSerialization.m */ = {isa = PBXFileReference; lastKnownFileType = sourcecode.c.objc; path = AFURLRequestSerialization.m; sourceTree = "<group>"; };
		E5ADAA8A26C44C9F00D3BD6E /* AFNetworking-prefix.pch */ = {isa = PBXFileReference; lastKnownFileType = sourcecode.c.h; path = "AFNetworking-prefix.pch"; sourceTree = "<group>"; };
		E5ADAA8B26C44C9F00D3BD6E /* AFNetworking.xcconfig */ = {isa = PBXFileReference; lastKnownFileType = text.xcconfig; path = AFNetworking.xcconfig; sourceTree = "<group>"; };
		E5ADAA8C26C44C9F00D3BD6E /* AFNetworking-umbrella.h */ = {isa = PBXFileReference; lastKnownFileType = sourcecode.c.h; path = "AFNetworking-umbrella.h"; sourceTree = "<group>"; };
		E5ADAA8D26C44C9F00D3BD6E /* AFNetworking-Info.plist */ = {isa = PBXFileReference; lastKnownFileType = text.plist.xml; path = "AFNetworking-Info.plist"; sourceTree = "<group>"; };
		E5ADAA8E26C44C9F00D3BD6E /* AFNetworking.modulemap */ = {isa = PBXFileReference; lastKnownFileType = "sourcecode.module-map"; path = AFNetworking.modulemap; sourceTree = "<group>"; };
		E5ADAA8F26C44C9F00D3BD6E /* AFNetworking-dummy.m */ = {isa = PBXFileReference; lastKnownFileType = sourcecode.c.objc; path = "AFNetworking-dummy.m"; sourceTree = "<group>"; };
		E5ADAA9026C44C9F00D3BD6E /* AFNetworking.h */ = {isa = PBXFileReference; lastKnownFileType = sourcecode.c.h; path = AFNetworking.h; sourceTree = "<group>"; };
		E5ADAA9226C44C9F00D3BD6E /* AFNetworkReachabilityManager.h */ = {isa = PBXFileReference; lastKnownFileType = sourcecode.c.h; path = AFNetworkReachabilityManager.h; sourceTree = "<group>"; };
		E5ADAA9326C44C9F00D3BD6E /* AFNetworkReachabilityManager.m */ = {isa = PBXFileReference; lastKnownFileType = sourcecode.c.objc; path = AFNetworkReachabilityManager.m; sourceTree = "<group>"; };
		E5ADAA9526C44C9F00D3BD6E /* AFURLSessionManager.h */ = {isa = PBXFileReference; lastKnownFileType = sourcecode.c.h; path = AFURLSessionManager.h; sourceTree = "<group>"; };
		E5ADAA9626C44C9F00D3BD6E /* AFHTTPSessionManager.m */ = {isa = PBXFileReference; lastKnownFileType = sourcecode.c.objc; path = AFHTTPSessionManager.m; sourceTree = "<group>"; };
		E5ADAA9726C44C9F00D3BD6E /* AFURLSessionManager.m */ = {isa = PBXFileReference; lastKnownFileType = sourcecode.c.objc; path = AFURLSessionManager.m; sourceTree = "<group>"; };
		E5ADAA9826C44C9F00D3BD6E /* AFCompatibilityMacros.h */ = {isa = PBXFileReference; lastKnownFileType = sourcecode.c.h; path = AFCompatibilityMacros.h; sourceTree = "<group>"; };
		E5ADAA9926C44C9F00D3BD6E /* AFHTTPSessionManager.h */ = {isa = PBXFileReference; lastKnownFileType = sourcecode.c.h; path = AFHTTPSessionManager.h; sourceTree = "<group>"; };
		E5ADAABD26C4521500D3BD6E /* NSArray+Safety.h */ = {isa = PBXFileReference; fileEncoding = 4; lastKnownFileType = sourcecode.c.h; path = "NSArray+Safety.h"; sourceTree = "<group>"; };
		E5ADAABE26C4521500D3BD6E /* NSString+Safety.h */ = {isa = PBXFileReference; fileEncoding = 4; lastKnownFileType = sourcecode.c.h; path = "NSString+Safety.h"; sourceTree = "<group>"; };
		E5ADAABF26C4521500D3BD6E /* NBSafetyKit.h */ = {isa = PBXFileReference; fileEncoding = 4; lastKnownFileType = sourcecode.c.h; path = NBSafetyKit.h; sourceTree = "<group>"; };
		E5ADAAC026C4521500D3BD6E /* NSDictionary+Safety.h */ = {isa = PBXFileReference; fileEncoding = 4; lastKnownFileType = sourcecode.c.h; path = "NSDictionary+Safety.h"; sourceTree = "<group>"; };
		E5ADAAC126C4521500D3BD6E /* NSAttributedString+Safety.h */ = {isa = PBXFileReference; fileEncoding = 4; lastKnownFileType = sourcecode.c.h; path = "NSAttributedString+Safety.h"; sourceTree = "<group>"; };
		E5ADAAC226C4521500D3BD6E /* NSArray+Safety.m */ = {isa = PBXFileReference; fileEncoding = 4; lastKnownFileType = sourcecode.c.objc; path = "NSArray+Safety.m"; sourceTree = "<group>"; };
		E5ADAAC326C4521500D3BD6E /* NSString+Safety.m */ = {isa = PBXFileReference; fileEncoding = 4; lastKnownFileType = sourcecode.c.objc; path = "NSString+Safety.m"; sourceTree = "<group>"; };
		E5ADAAC426C4521500D3BD6E /* NBSafetyCommon.h */ = {isa = PBXFileReference; fileEncoding = 4; lastKnownFileType = sourcecode.c.h; path = NBSafetyCommon.h; sourceTree = "<group>"; };
		E5ADAAC526C4521500D3BD6E /* NSDictionary+Safety.m */ = {isa = PBXFileReference; fileEncoding = 4; lastKnownFileType = sourcecode.c.objc; path = "NSDictionary+Safety.m"; sourceTree = "<group>"; };
		E5ADAAC626C4521500D3BD6E /* NSAttributedString+Safety.m */ = {isa = PBXFileReference; fileEncoding = 4; lastKnownFileType = sourcecode.c.objc; path = "NSAttributedString+Safety.m"; sourceTree = "<group>"; };
		E5ADAFE726C500C900D3BD6E /* HXNotificationViewController.h */ = {isa = PBXFileReference; lastKnownFileType = sourcecode.c.h; path = HXNotificationViewController.h; sourceTree = "<group>"; };
		E5ADAFE826C500C900D3BD6E /* HXNotificationViewController.m */ = {isa = PBXFileReference; lastKnownFileType = sourcecode.c.objc; path = HXNotificationViewController.m; sourceTree = "<group>"; };
		E5ADAFEB26C5052800D3BD6E /* HXNotificationCenter.h */ = {isa = PBXFileReference; lastKnownFileType = sourcecode.c.h; path = HXNotificationCenter.h; sourceTree = "<group>"; };
		E5ADAFEC26C5052800D3BD6E /* HXNotificationCenter.m */ = {isa = PBXFileReference; lastKnownFileType = sourcecode.c.objc; path = HXNotificationCenter.m; sourceTree = "<group>"; };
		E5ADAFEE26C505BB00D3BD6E /* HXObserverInfo.h */ = {isa = PBXFileReference; lastKnownFileType = sourcecode.c.h; path = HXObserverInfo.h; sourceTree = "<group>"; };
		E5ADAFEF26C505BB00D3BD6E /* HXObserverInfo.m */ = {isa = PBXFileReference; lastKnownFileType = sourcecode.c.objc; path = HXObserverInfo.m; sourceTree = "<group>"; };
		E5ADAFF126C516D800D3BD6E /* CustomNotificationCenterViewController.m */ = {isa = PBXFileReference; fileEncoding = 4; lastKnownFileType = sourcecode.c.objc; path = CustomNotificationCenterViewController.m; sourceTree = "<group>"; };
		E5ADAFF226C516D800D3BD6E /* CustomNotificationCenterViewController.h */ = {isa = PBXFileReference; fileEncoding = 4; lastKnownFileType = sourcecode.c.h; path = CustomNotificationCenterViewController.h; sourceTree = "<group>"; };
		E5ADAFF626C54DA100D3BD6E /* KVCViewController.h */ = {isa = PBXFileReference; lastKnownFileType = sourcecode.c.h; path = KVCViewController.h; sourceTree = "<group>"; };
		E5ADAFF726C54DA100D3BD6E /* KVCViewController.m */ = {isa = PBXFileReference; lastKnownFileType = sourcecode.c.objc; path = KVCViewController.m; sourceTree = "<group>"; };
		E5ADAFF926C54DC000D3BD6E /* KVCPerson.h */ = {isa = PBXFileReference; lastKnownFileType = sourcecode.c.h; path = KVCPerson.h; sourceTree = "<group>"; };
		E5ADAFFA26C54DC000D3BD6E /* KVCPerson.m */ = {isa = PBXFileReference; lastKnownFileType = sourcecode.c.objc; path = KVCPerson.m; sourceTree = "<group>"; };
		E5ADAFFC26C54DF000D3BD6E /* KVCAddress.h */ = {isa = PBXFileReference; lastKnownFileType = sourcecode.c.h; path = KVCAddress.h; sourceTree = "<group>"; };
		E5ADAFFD26C54DF000D3BD6E /* KVCAddress.m */ = {isa = PBXFileReference; lastKnownFileType = sourcecode.c.objc; path = KVCAddress.m; sourceTree = "<group>"; };
		E5ADB00426C5A8F200D3BD6E /* NSObject+KVCDefender.h */ = {isa = PBXFileReference; fileEncoding = 4; lastKnownFileType = sourcecode.c.h; path = "NSObject+KVCDefender.h"; sourceTree = "<group>"; };
		E5ADB00526C5A8F200D3BD6E /* NSObject+MethodSwizzling.h */ = {isa = PBXFileReference; fileEncoding = 4; lastKnownFileType = sourcecode.c.h; path = "NSObject+MethodSwizzling.h"; sourceTree = "<group>"; };
		E5ADB00626C5A8F200D3BD6E /* NSObject+SelectorDefender.h */ = {isa = PBXFileReference; fileEncoding = 4; lastKnownFileType = sourcecode.c.h; path = "NSObject+SelectorDefender.h"; sourceTree = "<group>"; };
		E5ADB00726C5A8F200D3BD6E /* NSObject+KVODefender.h */ = {isa = PBXFileReference; fileEncoding = 4; lastKnownFileType = sourcecode.c.h; path = "NSObject+KVODefender.h"; sourceTree = "<group>"; };
		E5ADB00826C5A8F200D3BD6E /* NSObject+KVCDefender.m */ = {isa = PBXFileReference; fileEncoding = 4; lastKnownFileType = sourcecode.c.objc; path = "NSObject+KVCDefender.m"; sourceTree = "<group>"; };
		E5ADB00926C5A8F200D3BD6E /* NSObject+SelectorDefender.m */ = {isa = PBXFileReference; fileEncoding = 4; lastKnownFileType = sourcecode.c.objc; path = "NSObject+SelectorDefender.m"; sourceTree = "<group>"; };
		E5ADB00A26C5A8F200D3BD6E /* NSObject+MethodSwizzling.m */ = {isa = PBXFileReference; fileEncoding = 4; lastKnownFileType = sourcecode.c.objc; path = "NSObject+MethodSwizzling.m"; sourceTree = "<group>"; };
		E5ADB00B26C5A8F200D3BD6E /* NSObject+KVODefender.m */ = {isa = PBXFileReference; fileEncoding = 4; lastKnownFileType = sourcecode.c.objc; path = "NSObject+KVODefender.m"; sourceTree = "<group>"; };
		E5ADB01326C5AB0B00D3BD6E /* BaseDefine.h */ = {isa = PBXFileReference; fileEncoding = 4; lastKnownFileType = sourcecode.c.h; path = BaseDefine.h; sourceTree = "<group>"; };
		E5ADB01426C5AB0B00D3BD6E /* BaseCrashViewController.h */ = {isa = PBXFileReference; fileEncoding = 4; lastKnownFileType = sourcecode.c.h; path = BaseCrashViewController.h; sourceTree = "<group>"; };
		E5ADB01526C5AB0B00D3BD6E /* BaseCrashViewController.m */ = {isa = PBXFileReference; fileEncoding = 4; lastKnownFileType = sourcecode.c.objc; path = BaseCrashViewController.m; sourceTree = "<group>"; };
		E5ADB02326C5AF7C00D3BD6E /* KVCCrashObject.h */ = {isa = PBXFileReference; lastKnownFileType = sourcecode.c.h; path = KVCCrashObject.h; sourceTree = "<group>"; };
		E5ADB02426C5AF7C00D3BD6E /* TestKVCCrashVC.m */ = {isa = PBXFileReference; lastKnownFileType = sourcecode.c.objc; path = TestKVCCrashVC.m; sourceTree = "<group>"; };
		E5ADB02526C5AF7C00D3BD6E /* TestKVCCrashVC.h */ = {isa = PBXFileReference; lastKnownFileType = sourcecode.c.h; path = TestKVCCrashVC.h; sourceTree = "<group>"; };
		E5ADB02626C5AF7D00D3BD6E /* KVCCrashObject.m */ = {isa = PBXFileReference; lastKnownFileType = sourcecode.c.objc; path = KVCCrashObject.m; sourceTree = "<group>"; };
		E5BE204E26CD1227004A5CAC /* AutoReleaseViewController.h */ = {isa = PBXFileReference; lastKnownFileType = sourcecode.c.h; path = AutoReleaseViewController.h; sourceTree = "<group>"; };
		E5BE204F26CD1227004A5CAC /* AutoReleaseViewController.m */ = {isa = PBXFileReference; lastKnownFileType = sourcecode.c.objc; path = AutoReleaseViewController.m; sourceTree = "<group>"; };
		E5BE205026CD1227004A5CAC /* AutoReleaseViewController.xib */ = {isa = PBXFileReference; lastKnownFileType = file.xib; path = AutoReleaseViewController.xib; sourceTree = "<group>"; };
		E5BE205326CD1278004A5CAC /* AutoReleaseObject.h */ = {isa = PBXFileReference; lastKnownFileType = sourcecode.c.h; path = AutoReleaseObject.h; sourceTree = "<group>"; };
		E5BE205426CD1278004A5CAC /* AutoReleaseObject.m */ = {isa = PBXFileReference; lastKnownFileType = sourcecode.c.objc; path = AutoReleaseObject.m; sourceTree = "<group>"; };
/* End PBXFileReference section */

/* Begin PBXFrameworksBuildPhase section */
		E5ADAA2226C3FC0E00D3BD6E /* Frameworks */ = {
			isa = PBXFrameworksBuildPhase;
			buildActionMask = 2147483647;
			files = (
				416B6C670124327831542B28 /* libPods-App-HXProject.a in Frameworks */,
			);
			runOnlyForDeploymentPostprocessing = 0;
		};
/* End PBXFrameworksBuildPhase section */

/* Begin PBXGroup section */
		0A760379281C37B500D8D227 /* TabbarManager */ = {
			isa = PBXGroup;
			children = (
				0A1B34BD281D2EED006480E7 /* HXTabConfigureManager.h */,
				0A1B34BE281D2EED006480E7 /* HXTabConfigureManager.m */,
				0A76037A281C385800D8D227 /* kid_tabconfigure.bundle */,
			);
			path = TabbarManager;
			sourceTree = "<group>";
		};
		2F8D41A86FEFFD220014BCC4 /* Frameworks */ = {
			isa = PBXGroup;
			children = (
				CDE3A508FE27A32CE176CF32 /* libPods-App-HXProject.a */,
			);
			name = Frameworks;
			sourceTree = "<group>";
		};
		C395B5C15B7E8CC22C279445 /* Pods */ = {
			isa = PBXGroup;
			children = (
				56C42A1BCF885A4633D6E89D /* Pods-HXProject.debug.xcconfig */,
				AA05304A2881597236855BD5 /* Pods-HXProject.release.xcconfig */,
				1F8F8A35893B54DFF3F1F116 /* Pods-App-HXProject.debug.xcconfig */,
				DD77296AB46F5EC680C51C2F /* Pods-App-HXProject.release.xcconfig */,
			);
			path = Pods;
			sourceTree = "<group>";
		};
		E538E52226E3EC7D004DD25A /* 离屏渲染 */ = {
			isa = PBXGroup;
			children = (
				E538E52426E3ED74004DD25A /* OffScreenViewController.h */,
				E538E52526E3ED74004DD25A /* OffScreenViewController.m */,
			);
			path = "离屏渲染";
			sourceTree = "<group>";
		};
		E538E52326E3ECA9004DD25A /* ViewController生命周期 */ = {
			isa = PBXGroup;
			children = (
				E538E53926E68518004DD25A /* 登陆 */,
				E538E53326E68518004DD25A /* 注册 */,
				E538E52C26E68517004DD25A /* PushPop */,
				E538E52B26E68517004DD25A /* TesTViewController.h */,
				E538E53826E68518004DD25A /* TesTViewController.m */,
				E538E53126E68518004DD25A /* LifeCycleViewController.h */,
				E538E53226E68518004DD25A /* LifeCycleViewController.m */,
			);
			path = "ViewController生命周期";
			sourceTree = "<group>";
		};
		E538E52726E638BA004DD25A /* RunTime */ = {
			isa = PBXGroup;
			children = (
				E538E52826E63902004DD25A /* HXRunTimeViewController.h */,
				E538E52926E63902004DD25A /* HXRunTimeViewController.m */,
			);
			path = RunTime;
			sourceTree = "<group>";
		};
		E538E52C26E68517004DD25A /* PushPop */ = {
			isa = PBXGroup;
			children = (
				E538E52F26E68517004DD25A /* ClickPopViewController.h */,
				E538E52E26E68517004DD25A /* ClickPopViewController.m */,
				E538E52D26E68517004DD25A /* ClickPushViewController.h */,
				E538E53026E68517004DD25A /* ClickPushViewController.m */,
			);
			path = PushPop;
			sourceTree = "<group>";
		};
		E538E53326E68518004DD25A /* 注册 */ = {
			isa = PBXGroup;
			children = (
				E538E53426E68518004DD25A /* RegisterViewController.m */,
				E538E53526E68518004DD25A /* RegisterViewController.h */,
				E538E53626E68518004DD25A /* 图片 */,
			);
			path = "注册";
			sourceTree = "<group>";
		};
		E538E53626E68518004DD25A /* 图片 */ = {
			isa = PBXGroup;
			children = (
				E538E53726E68518004DD25A /* landback3.PNG */,
			);
			path = "图片";
			sourceTree = "<group>";
		};
		E538E53926E68518004DD25A /* 登陆 */ = {
			isa = PBXGroup;
			children = (
				E538E53A26E68518004DD25A /* LandViewController.h */,
				E538E53B26E68518004DD25A /* LandViewController.m */,
				E538E53C26E68518004DD25A /* 图片 */,
			);
			path = "登陆";
			sourceTree = "<group>";
		};
		E538E53C26E68518004DD25A /* 图片 */ = {
			isa = PBXGroup;
			children = (
				E538E53D26E68518004DD25A /* landback2.PNG */,
			);
			path = "图片";
			sourceTree = "<group>";
		};
		E538E55926EA4F4E004DD25A /* Crash */ = {
			isa = PBXGroup;
			children = (
				E538E55A26EA4F93004DD25A /* HXCrashViewController.h */,
				E538E55B26EA4F93004DD25A /* HXCrashViewController.m */,
				E538E55C26EA4F93004DD25A /* HXCrashViewController.xib */,
				E538E55F26EA526D004DD25A /* HXUncaughtExceptionHandle.h */,
				E538E56026EA526D004DD25A /* HXUncaughtExceptionHandle.m */,
			);
			path = Crash;
			sourceTree = "<group>";
		};
		E579D4BB26C68C1A00640453 /* Model */ = {
			isa = PBXGroup;
			children = (
				E5ADAFFC26C54DF000D3BD6E /* KVCAddress.h */,
				E5ADAFFD26C54DF000D3BD6E /* KVCAddress.m */,
				E5ADAFF926C54DC000D3BD6E /* KVCPerson.h */,
				E5ADAFFA26C54DC000D3BD6E /* KVCPerson.m */,
				E5ADB02326C5AF7C00D3BD6E /* KVCCrashObject.h */,
				E5ADB02626C5AF7D00D3BD6E /* KVCCrashObject.m */,
			);
			path = Model;
			sourceTree = "<group>";
		};
		E579D4BF26C6A93A00640453 /* NavigationController */ = {
			isa = PBXGroup;
			children = (
				E579D4C026C6A93A00640453 /* PBNavigationController.h */,
				E579D4C126C6A93A00640453 /* PBNavigationController.m */,
			);
			path = NavigationController;
			sourceTree = "<group>";
		};
		E579D4C326C6A9A300640453 /* Define */ = {
			isa = PBXGroup;
			children = (
				E579D4C426C6A9A300640453 /* PBFrameMacros.h */,
				E579D4C526C6A9A300640453 /* PBColorMacros.h */,
				E579D4C626C6A9A300640453 /* PBNotiConst.m */,
				E579D4C726C6A9A300640453 /* PBURLConst.h */,
				E579D4C826C6A9A300640453 /* PBUtilsMacros.h */,
				E579D4C926C6A9A300640453 /* PBFontMacros.h */,
				E579D4CA26C6A9A300640453 /* PBNotiConst.h */,
				E579D4CB26C6A9A300640453 /* PBURLConst.m */,
				E579D4CC26C6A9A300640453 /* LRMacroDefinitionHeader.h */,
				E579D4CD26C6A9A300640453 /* PBThirdMacros.h */,
				E579D4CE26C6A9A300640453 /* PBEventList.h */,
			);
			path = Define;
			sourceTree = "<group>";
		};
		E579D4D126C6AAA800640453 /* Supporting Files */ = {
			isa = PBXGroup;
			children = (
				E5ADAA3126C3FC0E00D3BD6E /* Main.storyboard */,
				E5ADAA3426C3FC1000D3BD6E /* Assets.xcassets */,
				E5ADAA3626C3FC1000D3BD6E /* LaunchScreen.storyboard */,
				E5ADAA3926C3FC1000D3BD6E /* Info.plist */,
				E5ADAA3A26C3FC1000D3BD6E /* main.m */,
				E579D4D226C6AAE200640453 /* PrefixHeader.pch */,
			);
			path = "Supporting Files";
			sourceTree = "<group>";
		};
		E579D4D326C6FC7A00640453 /* ViewController */ = {
			isa = PBXGroup;
			children = (
				E5ADB01426C5AB0B00D3BD6E /* BaseCrashViewController.h */,
				E5ADB01526C5AB0B00D3BD6E /* BaseCrashViewController.m */,
				E579D4D426C6FC9200640453 /* PBViewController.h */,
				E579D4D526C6FC9200640453 /* PBViewController.m */,
			);
			path = ViewController;
			sourceTree = "<group>";
		};
		E584E35526D6365D00A55DFE /* UIKit */ = {
			isa = PBXGroup;
			children = (
				E538E52326E3ECA9004DD25A /* ViewController生命周期 */,
				E538E52226E3EC7D004DD25A /* 离屏渲染 */,
				E584E35926D638AE00A55DFE /* 事件传递 */,
				E584E35626D6384200A55DFE /* HXUIHomeViewController.h */,
				E584E35726D6384200A55DFE /* HXUIHomeViewController.m */,
			);
			path = UIKit;
			sourceTree = "<group>";
		};
		E584E35926D638AE00A55DFE /* 事件传递 */ = {
			isa = PBXGroup;
			children = (
				E584E35D26D63B3600A55DFE /* HXEventTestViewController.h */,
				E584E35E26D63B3600A55DFE /* HXEventTestViewController.m */,
				E584E35F26D63B3600A55DFE /* HXEventTestViewController.xib */,
				E584E37126D645E000A55DFE /* A_View.h */,
				E584E37226D645E000A55DFE /* A_View.m */,
				E584E36226D640EB00A55DFE /* B_View.h */,
				E584E36326D640EB00A55DFE /* B_View.m */,
				E584E36526D640F900A55DFE /* C_View.h */,
				E584E36626D640F900A55DFE /* C_View.m */,
				E584E36826D6410400A55DFE /* D_View.h */,
				E584E36926D6410400A55DFE /* D_View.m */,
				E584E36B26D6410E00A55DFE /* E_View.h */,
				E584E36C26D6410E00A55DFE /* E_View.m */,
				E584E36E26D6411800A55DFE /* F_View.h */,
				E584E36F26D6411800A55DFE /* F_View.m */,
			);
			path = "事件传递";
			sourceTree = "<group>";
		};
		E5880DAA26C977980067376C /* KVOCrash */ = {
			isa = PBXGroup;
			children = (
				E5880DA726C976A20067376C /* TestKVOCrashVC.h */,
				E5880DA426C976A20067376C /* TestKVOCrashVC.m */,
				E5880DA626C976A20067376C /* KVOCrashObject.h */,
				E5880DA526C976A20067376C /* KVOCrashObject.m */,
			);
			path = KVOCrash;
			sourceTree = "<group>";
		};
		E5A1601726CE9F9300B24227 /* New Group */ = {
			isa = PBXGroup;
			children = (
			);
			path = "New Group";
			sourceTree = "<group>";
		};
		E5ADAA1C26C3FC0E00D3BD6E = {
			isa = PBXGroup;
			children = (
				E5ADAA2726C3FC0E00D3BD6E /* HXProject */,
				E579D4D126C6AAA800640453 /* Supporting Files */,
				E5ADAA2626C3FC0E00D3BD6E /* Products */,
				C395B5C15B7E8CC22C279445 /* Pods */,
				2F8D41A86FEFFD220014BCC4 /* Frameworks */,
			);
			sourceTree = "<group>";
		};
		E5ADAA2626C3FC0E00D3BD6E /* Products */ = {
			isa = PBXGroup;
			children = (
				E5ADAA2526C3FC0E00D3BD6E /* HXProject.app */,
			);
			name = Products;
			sourceTree = "<group>";
		};
		E5ADAA2726C3FC0E00D3BD6E /* HXProject */ = {
			isa = PBXGroup;
			children = (
				E5ADAFF426C517B300D3BD6E /* ObjectCBase */,
				E584E35526D6365D00A55DFE /* UIKit */,
				E579D4C326C6A9A300640453 /* Define */,
				E5ADAABC26C4521500D3BD6E /* ZYBSwizzle */,
				E5ADAA4526C4305500D3BD6E /* AppDelegate */,
				E5ADAA5226C430CD00D3BD6E /* Base */,
				E5ADAA6B26C44C9F00D3BD6E /* Vender */,
				E5ADAA2E26C3FC0E00D3BD6E /* ViewController.h */,
				E5ADAA2F26C3FC0E00D3BD6E /* ViewController.m */,
			);
			path = HXProject;
			sourceTree = "<group>";
		};
		E5ADAA4526C4305500D3BD6E /* AppDelegate */ = {
			isa = PBXGroup;
			children = (
				E5ADAA4C26C4307D00D3BD6E /* AppDelegate.h */,
				E5ADAA4A26C4307D00D3BD6E /* AppDelegate.m */,
				E5ADAA4B26C4307D00D3BD6E /* AppDelegate+AppService.h */,
				E5ADAA4826C4307C00D3BD6E /* AppDelegate+AppService.m */,
				E5ADAA4926C4307D00D3BD6E /* SceneDelegate.h */,
				E5ADAA4726C4307C00D3BD6E /* SceneDelegate.m */,
				E5ADAA4D26C4307D00D3BD6E /* SceneDelegate+UIService.h */,
				E5ADAA4626C4307C00D3BD6E /* SceneDelegate+UIService.m */,
			);
			path = AppDelegate;
			sourceTree = "<group>";
		};
		E5ADAA5226C430CD00D3BD6E /* Base */ = {
			isa = PBXGroup;
			children = (
				0A760379281C37B500D8D227 /* TabbarManager */,
				E579D4D326C6FC7A00640453 /* ViewController */,
				E5ADAA5326C430CD00D3BD6E /* TabBarController */,
				E579D4BF26C6A93A00640453 /* NavigationController */,
				E5ADB01326C5AB0B00D3BD6E /* BaseDefine.h */,
			);
			path = Base;
			sourceTree = "<group>";
		};
		E5ADAA5326C430CD00D3BD6E /* TabBarController */ = {
			isa = PBXGroup;
			children = (
				E5ADAA5526C430CD00D3BD6E /* HXTabBarController.h */,
				E5ADAA5426C430CD00D3BD6E /* HXTabBarController.m */,
			);
			path = TabBarController;
			sourceTree = "<group>";
		};
		E5ADAA6B26C44C9F00D3BD6E /* Vender */ = {
			isa = PBXGroup;
			children = (
				E5ADAA6C26C44C9F00D3BD6E /* AFNetworking */,
			);
			path = Vender;
			sourceTree = "<group>";
		};
		E5ADAA6C26C44C9F00D3BD6E /* AFNetworking */ = {
			isa = PBXGroup;
			children = (
				E5ADAA6D26C44C9F00D3BD6E /* Security */,
				E5ADAA7026C44C9F00D3BD6E /* UIKit */,
				E5ADAA8426C44C9F00D3BD6E /* Serialization */,
				E5ADAA8926C44C9F00D3BD6E /* Support Files */,
				E5ADAA9026C44C9F00D3BD6E /* AFNetworking.h */,
				E5ADAA9126C44C9F00D3BD6E /* Reachability */,
				E5ADAA9426C44C9F00D3BD6E /* NSURLSession */,
			);
			path = AFNetworking;
			sourceTree = "<group>";
		};
		E5ADAA6D26C44C9F00D3BD6E /* Security */ = {
			isa = PBXGroup;
			children = (
				E5ADAA6E26C44C9F00D3BD6E /* AFSecurityPolicy.h */,
				E5ADAA6F26C44C9F00D3BD6E /* AFSecurityPolicy.m */,
			);
			path = Security;
			sourceTree = "<group>";
		};
		E5ADAA7026C44C9F00D3BD6E /* UIKit */ = {
			isa = PBXGroup;
			children = (
				E5ADAA7126C44C9F00D3BD6E /* WKWebView+AFNetworking.h */,
				E5ADAA7226C44C9F00D3BD6E /* UIProgressView+AFNetworking.m */,
				E5ADAA7326C44C9F00D3BD6E /* UIButton+AFNetworking.h */,
				E5ADAA7426C44C9F00D3BD6E /* UIRefreshControl+AFNetworking.m */,
				E5ADAA7526C44C9F00D3BD6E /* UIImageView+AFNetworking.h */,
				E5ADAA7626C44C9F00D3BD6E /* AFImageDownloader.h */,
				E5ADAA7726C44C9F00D3BD6E /* AFNetworkActivityIndicatorManager.m */,
				E5ADAA7826C44C9F00D3BD6E /* AFAutoPurgingImageCache.h */,
				E5ADAA7926C44C9F00D3BD6E /* UIActivityIndicatorView+AFNetworking.h */,
				E5ADAA7A26C44C9F00D3BD6E /* WKWebView+AFNetworking.m */,
				E5ADAA7B26C44C9F00D3BD6E /* UIProgressView+AFNetworking.h */,
				E5ADAA7C26C44C9F00D3BD6E /* UIImageView+AFNetworking.m */,
				E5ADAA7D26C44C9F00D3BD6E /* UIKit+AFNetworking.h */,
				E5ADAA7E26C44C9F00D3BD6E /* UIRefreshControl+AFNetworking.h */,
				E5ADAA7F26C44C9F00D3BD6E /* UIButton+AFNetworking.m */,
				E5ADAA8026C44C9F00D3BD6E /* UIActivityIndicatorView+AFNetworking.m */,
				E5ADAA8126C44C9F00D3BD6E /* AFAutoPurgingImageCache.m */,
				E5ADAA8226C44C9F00D3BD6E /* AFNetworkActivityIndicatorManager.h */,
				E5ADAA8326C44C9F00D3BD6E /* AFImageDownloader.m */,
			);
			path = UIKit;
			sourceTree = "<group>";
		};
		E5ADAA8426C44C9F00D3BD6E /* Serialization */ = {
			isa = PBXGroup;
			children = (
				E5ADAA8526C44C9F00D3BD6E /* AFURLRequestSerialization.h */,
				E5ADAA8626C44C9F00D3BD6E /* AFURLResponseSerialization.m */,
				E5ADAA8726C44C9F00D3BD6E /* AFURLResponseSerialization.h */,
				E5ADAA8826C44C9F00D3BD6E /* AFURLRequestSerialization.m */,
			);
			path = Serialization;
			sourceTree = "<group>";
		};
		E5ADAA8926C44C9F00D3BD6E /* Support Files */ = {
			isa = PBXGroup;
			children = (
				E5ADAA8A26C44C9F00D3BD6E /* AFNetworking-prefix.pch */,
				E5ADAA8B26C44C9F00D3BD6E /* AFNetworking.xcconfig */,
				E5ADAA8C26C44C9F00D3BD6E /* AFNetworking-umbrella.h */,
				E5ADAA8D26C44C9F00D3BD6E /* AFNetworking-Info.plist */,
				E5ADAA8E26C44C9F00D3BD6E /* AFNetworking.modulemap */,
				E5ADAA8F26C44C9F00D3BD6E /* AFNetworking-dummy.m */,
			);
			path = "Support Files";
			sourceTree = "<group>";
		};
		E5ADAA9126C44C9F00D3BD6E /* Reachability */ = {
			isa = PBXGroup;
			children = (
				E5ADAA9226C44C9F00D3BD6E /* AFNetworkReachabilityManager.h */,
				E5ADAA9326C44C9F00D3BD6E /* AFNetworkReachabilityManager.m */,
			);
			path = Reachability;
			sourceTree = "<group>";
		};
		E5ADAA9426C44C9F00D3BD6E /* NSURLSession */ = {
			isa = PBXGroup;
			children = (
				E5ADAA9526C44C9F00D3BD6E /* AFURLSessionManager.h */,
				E5ADAA9626C44C9F00D3BD6E /* AFHTTPSessionManager.m */,
				E5ADAA9726C44C9F00D3BD6E /* AFURLSessionManager.m */,
				E5ADAA9826C44C9F00D3BD6E /* AFCompatibilityMacros.h */,
				E5ADAA9926C44C9F00D3BD6E /* AFHTTPSessionManager.h */,
			);
			path = NSURLSession;
			sourceTree = "<group>";
		};
		E5ADAABC26C4521500D3BD6E /* ZYBSwizzle */ = {
			isa = PBXGroup;
			children = (
				E5ADAAC426C4521500D3BD6E /* NBSafetyCommon.h */,
				E5ADAABF26C4521500D3BD6E /* NBSafetyKit.h */,
				E5ADAABD26C4521500D3BD6E /* NSArray+Safety.h */,
				E5ADAAC226C4521500D3BD6E /* NSArray+Safety.m */,
				E5ADAAC126C4521500D3BD6E /* NSAttributedString+Safety.h */,
				E5ADAAC626C4521500D3BD6E /* NSAttributedString+Safety.m */,
				E5ADAAC026C4521500D3BD6E /* NSDictionary+Safety.h */,
				E5ADAAC526C4521500D3BD6E /* NSDictionary+Safety.m */,
				E5ADAABE26C4521500D3BD6E /* NSString+Safety.h */,
				E5ADAAC326C4521500D3BD6E /* NSString+Safety.m */,
			);
			path = ZYBSwizzle;
			sourceTree = "<group>";
		};
		E5ADAFE526C5000B00D3BD6E /* NotificationCenter */ = {
			isa = PBXGroup;
			children = (
				E5ADAFE726C500C900D3BD6E /* HXNotificationViewController.h */,
				E5ADAFE826C500C900D3BD6E /* HXNotificationViewController.m */,
				E5ADAFE626C5007E00D3BD6E /* NSNotificationCenter */,
				E5ADAFEA26C5011300D3BD6E /* CustomNotificationCenter */,
			);
			path = NotificationCenter;
			sourceTree = "<group>";
		};
		E5ADAFE626C5007E00D3BD6E /* NSNotificationCenter */ = {
			isa = PBXGroup;
			children = (
			);
			path = NSNotificationCenter;
			sourceTree = "<group>";
		};
		E5ADAFEA26C5011300D3BD6E /* CustomNotificationCenter */ = {
			isa = PBXGroup;
			children = (
				E5ADAFF226C516D800D3BD6E /* CustomNotificationCenterViewController.h */,
				E5ADAFF126C516D800D3BD6E /* CustomNotificationCenterViewController.m */,
				E5ADAFEB26C5052800D3BD6E /* HXNotificationCenter.h */,
				E5ADAFEC26C5052800D3BD6E /* HXNotificationCenter.m */,
				E5ADAFEE26C505BB00D3BD6E /* HXObserverInfo.h */,
				E5ADAFEF26C505BB00D3BD6E /* HXObserverInfo.m */,
			);
			path = CustomNotificationCenter;
			sourceTree = "<group>";
		};
		E5ADAFF426C517B300D3BD6E /* ObjectCBase */ = {
			isa = PBXGroup;
			children = (
				E579D4BC26C6A7EC00640453 /* HXHomeViewController.h */,
				E579D4BD26C6A7EC00640453 /* HXHomeViewController.m */,
				E538E55926EA4F4E004DD25A /* Crash */,
				E538E52726E638BA004DD25A /* RunTime */,
				E5A1601726CE9F9300B24227 /* New Group */,
				E5BE204D26CD11C7004A5CAC /* AutoReleasePool */,
				E5ADB00326C5A8F200D3BD6E /* YSCDefender */,
				E5ADAFFF26C5507A00D3BD6E /* KVO */,
				E5ADAFF526C51BF800D3BD6E /* KVC */,
				E5ADAFE526C5000B00D3BD6E /* NotificationCenter */,
			);
			path = ObjectCBase;
			sourceTree = "<group>";
		};
		E5ADAFF526C51BF800D3BD6E /* KVC */ = {
			isa = PBXGroup;
			children = (
				E5ADB02526C5AF7C00D3BD6E /* TestKVCCrashVC.h */,
				E5ADB02426C5AF7C00D3BD6E /* TestKVCCrashVC.m */,
				E5ADAFF626C54DA100D3BD6E /* KVCViewController.h */,
				E5ADAFF726C54DA100D3BD6E /* KVCViewController.m */,
				E579D4BB26C68C1A00640453 /* Model */,
			);
			path = KVC;
			sourceTree = "<group>";
		};
		E5ADAFFF26C5507A00D3BD6E /* KVO */ = {
			isa = PBXGroup;
			children = (
				E5880DAA26C977980067376C /* KVOCrash */,
				E5880D9C26C807D00067376C /* KVOViewController.h */,
				E5880D9D26C807D00067376C /* KVOViewController.m */,
				E5880D9E26C807D00067376C /* KVOViewController.xib */,
				E5880DA126C808270067376C /* KVOPerson.h */,
				E5880DA226C808270067376C /* KVOPerson.m */,
			);
			path = KVO;
			sourceTree = "<group>";
		};
		E5ADB00326C5A8F200D3BD6E /* YSCDefender */ = {
			isa = PBXGroup;
			children = (
				E5ADB00726C5A8F200D3BD6E /* NSObject+KVODefender.h */,
				E5ADB00B26C5A8F200D3BD6E /* NSObject+KVODefender.m */,
				E5ADB00526C5A8F200D3BD6E /* NSObject+MethodSwizzling.h */,
				E5ADB00A26C5A8F200D3BD6E /* NSObject+MethodSwizzling.m */,
				E5ADB00626C5A8F200D3BD6E /* NSObject+SelectorDefender.h */,
				E5ADB00926C5A8F200D3BD6E /* NSObject+SelectorDefender.m */,
				E5ADB00426C5A8F200D3BD6E /* NSObject+KVCDefender.h */,
				E5ADB00826C5A8F200D3BD6E /* NSObject+KVCDefender.m */,
			);
			path = YSCDefender;
			sourceTree = "<group>";
		};
		E5BE204D26CD11C7004A5CAC /* AutoReleasePool */ = {
			isa = PBXGroup;
			children = (
				E5BE204E26CD1227004A5CAC /* AutoReleaseViewController.h */,
				E5BE204F26CD1227004A5CAC /* AutoReleaseViewController.m */,
				E5BE205026CD1227004A5CAC /* AutoReleaseViewController.xib */,
				E5BE205326CD1278004A5CAC /* AutoReleaseObject.h */,
				E5BE205426CD1278004A5CAC /* AutoReleaseObject.m */,
			);
			path = AutoReleasePool;
			sourceTree = "<group>";
		};
/* End PBXGroup section */

/* Begin PBXNativeTarget section */
		E5ADAA2426C3FC0E00D3BD6E /* HXProject */ = {
			isa = PBXNativeTarget;
			buildConfigurationList = E5ADAA3E26C3FC1000D3BD6E /* Build configuration list for PBXNativeTarget "HXProject" */;
			buildPhases = (
				96A150A05C0C66C1E7C92604 /* [CP] Check Pods Manifest.lock */,
				E5ADAA2126C3FC0E00D3BD6E /* Sources */,
				E5ADAA2226C3FC0E00D3BD6E /* Frameworks */,
				E5ADAA2326C3FC0E00D3BD6E /* Resources */,
			);
			buildRules = (
			);
			dependencies = (
			);
			name = HXProject;
			productName = HXProject;
			productReference = E5ADAA2526C3FC0E00D3BD6E /* HXProject.app */;
			productType = "com.apple.product-type.application";
		};
/* End PBXNativeTarget section */

/* Begin PBXProject section */
		E5ADAA1D26C3FC0E00D3BD6E /* Project object */ = {
			isa = PBXProject;
			attributes = {
				LastUpgradeCheck = 1250;
				TargetAttributes = {
					E5ADAA2426C3FC0E00D3BD6E = {
						CreatedOnToolsVersion = 12.5.1;
					};
				};
			};
			buildConfigurationList = E5ADAA2026C3FC0E00D3BD6E /* Build configuration list for PBXProject "HXProject" */;
			compatibilityVersion = "Xcode 9.3";
			developmentRegion = en;
			hasScannedForEncodings = 0;
			knownRegions = (
				en,
				Base,
			);
			mainGroup = E5ADAA1C26C3FC0E00D3BD6E;
			productRefGroup = E5ADAA2626C3FC0E00D3BD6E /* Products */;
			projectDirPath = "";
			projectRoot = "";
			targets = (
				E5ADAA2426C3FC0E00D3BD6E /* HXProject */,
			);
		};
/* End PBXProject section */

/* Begin PBXResourcesBuildPhase section */
		E5ADAA2326C3FC0E00D3BD6E /* Resources */ = {
			isa = PBXResourcesBuildPhase;
			buildActionMask = 2147483647;
			files = (
				E538E55E26EA4F93004DD25A /* HXCrashViewController.xib in Resources */,
				E5BE205226CD1227004A5CAC /* AutoReleaseViewController.xib in Resources */,
				E538E54226E68518004DD25A /* landback3.PNG in Resources */,
				E538E54526E68518004DD25A /* landback2.PNG in Resources */,
				E584E36126D63B3600A55DFE /* HXEventTestViewController.xib in Resources */,
				0A76037B281C385800D8D227 /* kid_tabconfigure.bundle in Resources */,
				E5ADAA3826C3FC1000D3BD6E /* LaunchScreen.storyboard in Resources */,
				E5880DA026C807D00067376C /* KVOViewController.xib in Resources */,
				E5ADAA3526C3FC1000D3BD6E /* Assets.xcassets in Resources */,
				E5ADAA3326C3FC0E00D3BD6E /* Main.storyboard in Resources */,
			);
			runOnlyForDeploymentPostprocessing = 0;
		};
/* End PBXResourcesBuildPhase section */

/* Begin PBXShellScriptBuildPhase section */
		96A150A05C0C66C1E7C92604 /* [CP] Check Pods Manifest.lock */ = {
			isa = PBXShellScriptBuildPhase;
			buildActionMask = 2147483647;
			files = (
			);
			inputFileListPaths = (
			);
			inputPaths = (
				"${PODS_PODFILE_DIR_PATH}/Podfile.lock",
				"${PODS_ROOT}/Manifest.lock",
			);
			name = "[CP] Check Pods Manifest.lock";
			outputFileListPaths = (
			);
			outputPaths = (
				"$(DERIVED_FILE_DIR)/Pods-App-HXProject-checkManifestLockResult.txt",
			);
			runOnlyForDeploymentPostprocessing = 0;
			shellPath = /bin/sh;
			shellScript = "diff \"${PODS_PODFILE_DIR_PATH}/Podfile.lock\" \"${PODS_ROOT}/Manifest.lock\" > /dev/null\nif [ $? != 0 ] ; then\n    # print error to STDERR\n    echo \"error: The sandbox is not in sync with the Podfile.lock. Run 'pod install' or update your CocoaPods installation.\" >&2\n    exit 1\nfi\n# This output is used by Xcode 'outputs' to avoid re-running this script phase.\necho \"SUCCESS\" > \"${SCRIPT_OUTPUT_FILE_0}\"\n";
			showEnvVarsInLog = 0;
		};
/* End PBXShellScriptBuildPhase section */

/* Begin PBXSourcesBuildPhase section */
		E5ADAA2126C3FC0E00D3BD6E /* Sources */ = {
			isa = PBXSourcesBuildPhase;
			buildActionMask = 2147483647;
			files = (
				E5ADAA3026C3FC0E00D3BD6E /* ViewController.m in Sources */,
				E5BE205126CD1227004A5CAC /* AutoReleaseViewController.m in Sources */,
				E584E37326D645E000A55DFE /* A_View.m in Sources */,
				E584E36A26D6410400A55DFE /* D_View.m in Sources */,
				E5ADB01626C5AB0B00D3BD6E /* BaseCrashViewController.m in Sources */,
				E5880D9F26C807D00067376C /* KVOViewController.m in Sources */,
				E579D4C226C6A93A00640453 /* PBNavigationController.m in Sources */,
				E5ADB00F26C5A8F200D3BD6E /* NSObject+KVODefender.m in Sources */,
				E579D4D626C6FC9200640453 /* PBViewController.m in Sources */,
				E5ADAFF826C54DA200D3BD6E /* KVCViewController.m in Sources */,
				E5ADAACA26C4521500D3BD6E /* NSAttributedString+Safety.m in Sources */,
				E538E52A26E63902004DD25A /* HXRunTimeViewController.m in Sources */,
				E5ADAA4F26C4307D00D3BD6E /* SceneDelegate.m in Sources */,
				E538E54426E68518004DD25A /* LandViewController.m in Sources */,
				E579D4CF26C6A9A300640453 /* PBNotiConst.m in Sources */,
				E5ADB02826C5AF7D00D3BD6E /* TestKVCCrashVC.m in Sources */,
				E538E54126E68518004DD25A /* RegisterViewController.m in Sources */,
				E5ADAAC726C4521500D3BD6E /* NSArray+Safety.m in Sources */,
				E584E36D26D6410E00A55DFE /* E_View.m in Sources */,
				E584E35826D6384200A55DFE /* HXUIHomeViewController.m in Sources */,
				E538E56126EA526D004DD25A /* HXUncaughtExceptionHandle.m in Sources */,
				E5ADAAC826C4521500D3BD6E /* NSString+Safety.m in Sources */,
				E5880DA326C808270067376C /* KVOPerson.m in Sources */,
				E5BE205526CD1278004A5CAC /* AutoReleaseObject.m in Sources */,
				E5ADAFF026C505BB00D3BD6E /* HXObserverInfo.m in Sources */,
				E5ADAFF326C516D800D3BD6E /* CustomNotificationCenterViewController.m in Sources */,
				E5ADAA5626C430CE00D3BD6E /* HXTabBarController.m in Sources */,
				E538E53E26E68518004DD25A /* ClickPopViewController.m in Sources */,
				E5ADAA4E26C4307D00D3BD6E /* SceneDelegate+UIService.m in Sources */,
				E5ADAFFB26C54DC000D3BD6E /* KVCPerson.m in Sources */,
				E5ADB00D26C5A8F200D3BD6E /* NSObject+SelectorDefender.m in Sources */,
				E538E54026E68518004DD25A /* LifeCycleViewController.m in Sources */,
				E584E36426D640EB00A55DFE /* B_View.m in Sources */,
				E538E52626E3ED74004DD25A /* OffScreenViewController.m in Sources */,
				0A1B34BF281D2EED006480E7 /* HXTabConfigureManager.m in Sources */,
				E584E36726D640F900A55DFE /* C_View.m in Sources */,
				E5ADAFE926C500C900D3BD6E /* HXNotificationViewController.m in Sources */,
				E584E37026D6411800A55DFE /* F_View.m in Sources */,
				E538E54326E68518004DD25A /* TesTViewController.m in Sources */,
				E579D4D026C6A9A300640453 /* PBURLConst.m in Sources */,
				E5ADB00E26C5A8F200D3BD6E /* NSObject+MethodSwizzling.m in Sources */,
				E5ADAA5126C4307D00D3BD6E /* AppDelegate.m in Sources */,
				E5ADAA3B26C3FC1000D3BD6E /* main.m in Sources */,
				E5ADAFED26C5052800D3BD6E /* HXNotificationCenter.m in Sources */,
				E5ADAFFE26C54DF000D3BD6E /* KVCAddress.m in Sources */,
				E5ADAAC926C4521500D3BD6E /* NSDictionary+Safety.m in Sources */,
				E584E36026D63B3600A55DFE /* HXEventTestViewController.m in Sources */,
				E538E53F26E68518004DD25A /* ClickPushViewController.m in Sources */,
				E5ADB00C26C5A8F200D3BD6E /* NSObject+KVCDefender.m in Sources */,
				E5880DA926C976A20067376C /* TestKVOCrashVC.m in Sources */,
				E5ADAA5026C4307D00D3BD6E /* AppDelegate+AppService.m in Sources */,
				E5880DA826C976A20067376C /* KVOCrashObject.m in Sources */,
				E5ADB02726C5AF7D00D3BD6E /* KVCCrashObject.m in Sources */,
				E538E55D26EA4F93004DD25A /* HXCrashViewController.m in Sources */,
				E579D4BE26C6A7EC00640453 /* HXHomeViewController.m in Sources */,
			);
			runOnlyForDeploymentPostprocessing = 0;
		};
/* End PBXSourcesBuildPhase section */

/* Begin PBXVariantGroup section */
		E5ADAA3126C3FC0E00D3BD6E /* Main.storyboard */ = {
			isa = PBXVariantGroup;
			children = (
				E5ADAA3226C3FC0E00D3BD6E /* Base */,
			);
			name = Main.storyboard;
			sourceTree = "<group>";
		};
		E5ADAA3626C3FC1000D3BD6E /* LaunchScreen.storyboard */ = {
			isa = PBXVariantGroup;
			children = (
				E5ADAA3726C3FC1000D3BD6E /* Base */,
			);
			name = LaunchScreen.storyboard;
			sourceTree = "<group>";
		};
/* End PBXVariantGroup section */

/* Begin XCBuildConfiguration section */
		E5ADAA3C26C3FC1000D3BD6E /* Debug */ = {
			isa = XCBuildConfiguration;
			buildSettings = {
				ALWAYS_SEARCH_USER_PATHS = NO;
				CLANG_ANALYZER_NONNULL = YES;
				CLANG_ANALYZER_NUMBER_OBJECT_CONVERSION = YES_AGGRESSIVE;
				CLANG_CXX_LANGUAGE_STANDARD = "gnu++14";
				CLANG_CXX_LIBRARY = "libc++";
				CLANG_ENABLE_MODULES = YES;
				CLANG_ENABLE_OBJC_ARC = YES;
				CLANG_ENABLE_OBJC_WEAK = YES;
				CLANG_WARN_BLOCK_CAPTURE_AUTORELEASING = YES;
				CLANG_WARN_BOOL_CONVERSION = YES;
				CLANG_WARN_COMMA = YES;
				CLANG_WARN_CONSTANT_CONVERSION = YES;
				CLANG_WARN_DEPRECATED_OBJC_IMPLEMENTATIONS = YES;
				CLANG_WARN_DIRECT_OBJC_ISA_USAGE = YES_ERROR;
				CLANG_WARN_DOCUMENTATION_COMMENTS = YES;
				CLANG_WARN_EMPTY_BODY = YES;
				CLANG_WARN_ENUM_CONVERSION = YES;
				CLANG_WARN_INFINITE_RECURSION = YES;
				CLANG_WARN_INT_CONVERSION = YES;
				CLANG_WARN_NON_LITERAL_NULL_CONVERSION = YES;
				CLANG_WARN_OBJC_IMPLICIT_RETAIN_SELF = YES;
				CLANG_WARN_OBJC_LITERAL_CONVERSION = YES;
				CLANG_WARN_OBJC_ROOT_CLASS = YES_ERROR;
				CLANG_WARN_QUOTED_INCLUDE_IN_FRAMEWORK_HEADER = YES;
				CLANG_WARN_RANGE_LOOP_ANALYSIS = YES;
				CLANG_WARN_STRICT_PROTOTYPES = YES;
				CLANG_WARN_SUSPICIOUS_MOVE = YES;
				CLANG_WARN_UNGUARDED_AVAILABILITY = YES_AGGRESSIVE;
				CLANG_WARN_UNREACHABLE_CODE = YES;
				CLANG_WARN__DUPLICATE_METHOD_MATCH = YES;
				COPY_PHASE_STRIP = NO;
				DEBUG_INFORMATION_FORMAT = dwarf;
				ENABLE_STRICT_OBJC_MSGSEND = YES;
				ENABLE_TESTABILITY = YES;
				GCC_C_LANGUAGE_STANDARD = gnu11;
				GCC_DYNAMIC_NO_PIC = NO;
				GCC_NO_COMMON_BLOCKS = YES;
				GCC_OPTIMIZATION_LEVEL = 0;
				GCC_PREPROCESSOR_DEFINITIONS = (
					"DEBUG=1",
					"$(inherited)",
				);
				GCC_WARN_64_TO_32_BIT_CONVERSION = YES;
				GCC_WARN_ABOUT_RETURN_TYPE = YES_ERROR;
				GCC_WARN_UNDECLARED_SELECTOR = YES;
				GCC_WARN_UNINITIALIZED_AUTOS = YES_AGGRESSIVE;
				GCC_WARN_UNUSED_FUNCTION = YES;
				GCC_WARN_UNUSED_VARIABLE = YES;
				IPHONEOS_DEPLOYMENT_TARGET = 14.5;
				MTL_ENABLE_DEBUG_INFO = INCLUDE_SOURCE;
				MTL_FAST_MATH = YES;
				ONLY_ACTIVE_ARCH = YES;
				SDKROOT = iphoneos;
			};
			name = Debug;
		};
		E5ADAA3D26C3FC1000D3BD6E /* Release */ = {
			isa = XCBuildConfiguration;
			buildSettings = {
				ALWAYS_SEARCH_USER_PATHS = NO;
				CLANG_ANALYZER_NONNULL = YES;
				CLANG_ANALYZER_NUMBER_OBJECT_CONVERSION = YES_AGGRESSIVE;
				CLANG_CXX_LANGUAGE_STANDARD = "gnu++14";
				CLANG_CXX_LIBRARY = "libc++";
				CLANG_ENABLE_MODULES = YES;
				CLANG_ENABLE_OBJC_ARC = YES;
				CLANG_ENABLE_OBJC_WEAK = YES;
				CLANG_WARN_BLOCK_CAPTURE_AUTORELEASING = YES;
				CLANG_WARN_BOOL_CONVERSION = YES;
				CLANG_WARN_COMMA = YES;
				CLANG_WARN_CONSTANT_CONVERSION = YES;
				CLANG_WARN_DEPRECATED_OBJC_IMPLEMENTATIONS = YES;
				CLANG_WARN_DIRECT_OBJC_ISA_USAGE = YES_ERROR;
				CLANG_WARN_DOCUMENTATION_COMMENTS = YES;
				CLANG_WARN_EMPTY_BODY = YES;
				CLANG_WARN_ENUM_CONVERSION = YES;
				CLANG_WARN_INFINITE_RECURSION = YES;
				CLANG_WARN_INT_CONVERSION = YES;
				CLANG_WARN_NON_LITERAL_NULL_CONVERSION = YES;
				CLANG_WARN_OBJC_IMPLICIT_RETAIN_SELF = YES;
				CLANG_WARN_OBJC_LITERAL_CONVERSION = YES;
				CLANG_WARN_OBJC_ROOT_CLASS = YES_ERROR;
				CLANG_WARN_QUOTED_INCLUDE_IN_FRAMEWORK_HEADER = YES;
				CLANG_WARN_RANGE_LOOP_ANALYSIS = YES;
				CLANG_WARN_STRICT_PROTOTYPES = YES;
				CLANG_WARN_SUSPICIOUS_MOVE = YES;
				CLANG_WARN_UNGUARDED_AVAILABILITY = YES_AGGRESSIVE;
				CLANG_WARN_UNREACHABLE_CODE = YES;
				CLANG_WARN__DUPLICATE_METHOD_MATCH = YES;
				COPY_PHASE_STRIP = NO;
				DEBUG_INFORMATION_FORMAT = "dwarf-with-dsym";
				ENABLE_NS_ASSERTIONS = NO;
				ENABLE_STRICT_OBJC_MSGSEND = YES;
				GCC_C_LANGUAGE_STANDARD = gnu11;
				GCC_NO_COMMON_BLOCKS = YES;
				GCC_WARN_64_TO_32_BIT_CONVERSION = YES;
				GCC_WARN_ABOUT_RETURN_TYPE = YES_ERROR;
				GCC_WARN_UNDECLARED_SELECTOR = YES;
				GCC_WARN_UNINITIALIZED_AUTOS = YES_AGGRESSIVE;
				GCC_WARN_UNUSED_FUNCTION = YES;
				GCC_WARN_UNUSED_VARIABLE = YES;
				IPHONEOS_DEPLOYMENT_TARGET = 14.5;
				MTL_ENABLE_DEBUG_INFO = NO;
				MTL_FAST_MATH = YES;
				SDKROOT = iphoneos;
				VALIDATE_PRODUCT = YES;
			};
			name = Release;
		};
		E5ADAA3F26C3FC1000D3BD6E /* Debug */ = {
			isa = XCBuildConfiguration;
			baseConfigurationReference = 1F8F8A35893B54DFF3F1F116 /* Pods-App-HXProject.debug.xcconfig */;
			buildSettings = {
				ASSETCATALOG_COMPILER_APPICON_NAME = AppIcon;
				ASSETCATALOG_COMPILER_GLOBAL_ACCENT_COLOR_NAME = AccentColor;
				CODE_SIGN_STYLE = Automatic;
				DEVELOPMENT_TEAM = CYW8A2Q36F;
				GCC_C_LANGUAGE_STANDARD = gnu11;
				GCC_PREFIX_HEADER = "$(SRCROOT)/Supporting Files/PrefixHeader.pch";
				INFOPLIST_FILE = "Supporting Files/Info.plist";
				INSTALL_PATH = "$(LOCAL_APPS_DIR)";
				LD_RUNPATH_SEARCH_PATHS = (
					"$(inherited)",
					"@executable_path/Frameworks",
				);
				ONLY_ACTIVE_ARCH = YES;
				PRODUCT_BUNDLE_IDENTIFIER = com.learn.HXProject;
				PRODUCT_NAME = "$(TARGET_NAME)";
				SUPPORTED_PLATFORMS = "iphonesimulator iphoneos";
				TARGETED_DEVICE_FAMILY = "1,2";
			};
			name = Debug;
		};
		E5ADAA4026C3FC1000D3BD6E /* Release */ = {
			isa = XCBuildConfiguration;
			baseConfigurationReference = DD77296AB46F5EC680C51C2F /* Pods-App-HXProject.release.xcconfig */;
			buildSettings = {
				ASSETCATALOG_COMPILER_APPICON_NAME = AppIcon;
				ASSETCATALOG_COMPILER_GLOBAL_ACCENT_COLOR_NAME = AccentColor;
				CODE_SIGN_STYLE = Automatic;
				DEVELOPMENT_TEAM = CYW8A2Q36F;
				GCC_C_LANGUAGE_STANDARD = gnu11;
				GCC_PREFIX_HEADER = "$(SRCROOT)/Supporting Files/PrefixHeader.pch";
				INFOPLIST_FILE = "Supporting Files/Info.plist";
				INSTALL_PATH = "$(LOCAL_APPS_DIR)";
				LD_RUNPATH_SEARCH_PATHS = (
					"$(inherited)",
					"@executable_path/Frameworks",
				);
				ONLY_ACTIVE_ARCH = YES;
				PRODUCT_BUNDLE_IDENTIFIER = com.learn.HXProject;
				PRODUCT_NAME = "$(TARGET_NAME)";
				SUPPORTED_PLATFORMS = "iphonesimulator iphoneos";
				TARGETED_DEVICE_FAMILY = "1,2";
			};
			name = Release;
		};
/* End XCBuildConfiguration section */

/* Begin XCConfigurationList section */
		E5ADAA2026C3FC0E00D3BD6E /* Build configuration list for PBXProject "HXProject" */ = {
			isa = XCConfigurationList;
			buildConfigurations = (
				E5ADAA3C26C3FC1000D3BD6E /* Debug */,
				E5ADAA3D26C3FC1000D3BD6E /* Release */,
			);
			defaultConfigurationIsVisible = 0;
			defaultConfigurationName = Release;
		};
		E5ADAA3E26C3FC1000D3BD6E /* Build configuration list for PBXNativeTarget "HXProject" */ = {
			isa = XCConfigurationList;
			buildConfigurations = (
				E5ADAA3F26C3FC1000D3BD6E /* Debug */,
				E5ADAA4026C3FC1000D3BD6E /* Release */,
			);
			defaultConfigurationIsVisible = 0;
			defaultConfigurationName = Release;
		};
/* End XCConfigurationList section */
	};
	rootObject = E5ADAA1D26C3FC0E00D3BD6E /* Project object */;
}
